dependencies:
- name: rabbitmq
  repository: https://charts.bitnami.com/bitnami/
  version: 7.6.8
- name: minio
  repository: https://kubernetes-charts.storage.googleapis.com/
  version: 5.0.33
- name: postgresql
  repository: https://kubernetes-charts.storage.googleapis.com/
  version: 8.3.4
digest: sha256:0b4f6bc7d286fd2f2f4ec73083fc654afc89de143f8181c1cbfe2d325b9b1bd5
generated: "2020-10-08T10:12:31.784938-05:00"
