dependencies:
- name: rabbitmq
  repository: https://charts.bitnami.com/bitnami/
  version: 8.24.13
- name: minio
  repository: https://charts.bitnami.com/bitnami/
  version: 11.2.16
- name: postgresql
  repository: https://charts.bitnami.com/bitnami/
  version: 11.6.15
digest: sha256:33bceb44adfe831598734041ad88f465ed4ba9ba199d253f4118dc6cc6a1c0be
generated: "2022-07-06T12:33:29.905593-05:00"
