dependencies:
- name: rabbitmq
  repository: https://charts.bitnami.com/bitnami/
  version: 8.24.13
- name: minio
  repository: https://charts.bitnami.com/bitnami/
  version: 11.2.11
- name: postgresql
  repository: https://charts.bitnami.com/bitnami/
  version: 8.3.4
digest: sha256:06c9361299b31de58cc5bde106099cfe7716c99e9a8d3abf5c684fbaee7c6d2e
generated: "2022-04-18T12:02:07.598205798-05:00"
