[[package]]
name = "atomicwrites"
version = "1.4.1"
description = "Atomic file writes."
category = "main"
optional = false
python-versions = ">=2.7, !=3.0.*, !=3.1.*, !=3.2.*, !=3.3.*"

[[package]]
name = "attrs"
version = "22.1.0"
description = "Classes Without Boilerplate"
category = "main"
optional = false
python-versions = ">=3.5"

[package.extras]
dev = ["cloudpickle", "coverage[toml] (>=5.0.2)", "furo", "hypothesis", "mypy (>=0.900,!=0.940)", "pre-commit", "pympler", "pytest (>=4.3.0)", "pytest-mypy-plugins", "sphinx", "sphinx-notfound-page", "zope.interface"]
docs = ["furo", "sphinx", "sphinx-notfound-page", "zope.interface"]
tests = ["cloudpickle", "coverage[toml] (>=5.0.2)", "hypothesis", "mypy (>=0.900,!=0.940)", "pympler", "pytest (>=4.3.0)", "pytest-mypy-plugins", "zope.interface"]
tests_no_zope = ["cloudpickle", "coverage[toml] (>=5.0.2)", "hypothesis", "mypy (>=0.900,!=0.940)", "pympler", "pytest (>=4.3.0)", "pytest-mypy-plugins"]

[[package]]
name = "awkward"
version = "0.12.21"
description = "Manipulate arrays of complex data structures as easily as Numpy."
category = "main"
optional = false
python-versions = "*"

[package.dependencies]
numpy = ">=1.13.1"

[[package]]
name = "cachetools"
version = "5.2.0"
description = "Extensible memoizing collections and decorators"
category = "main"
optional = false
python-versions = "~=3.7"

[[package]]
name = "certifi"
version = "2022.9.24"
description = "Python package for providing Mozilla's CA Bundle."
category = "main"
optional = false
python-versions = ">=3.6"

[[package]]
name = "chardet"
version = "3.0.4"
description = "Universal encoding detector for Python 2 and 3"
category = "main"
optional = false
python-versions = "*"

[[package]]
name = "codecov"
version = "2.0.17"
description = "Hosted coverage reports for GitHub, Bitbucket and Gitlab"
category = "main"
optional = false
python-versions = ">=2.7, !=3.0.*, !=3.1.*, !=3.2.*, !=3.3.*"

[package.dependencies]
coverage = "*"
requests = ">=2.7.9"

[[package]]
name = "colorama"
version = "0.4.5"
description = "Cross-platform colored terminal text."
category = "main"
optional = false
python-versions = ">=2.7, !=3.0.*, !=3.1.*, !=3.2.*, !=3.3.*, !=3.4.*"

[[package]]
name = "configparser"
version = "5.3.0"
description = "Updated configparser from stdlib for earlier Pythons."
category = "main"
optional = false
python-versions = ">=3.7"

[package.extras]
docs = ["jaraco.packaging (>=9)", "jaraco.tidelift (>=1.4)", "rst.linker (>=1.9)", "sphinx"]
testing = ["flake8 (<5)", "pytest (>=6)", "pytest-black (>=0.3.7)", "pytest-checkdocs (>=2.4)", "pytest-cov", "pytest-enabler (>=1.3)", "pytest-flake8", "pytest-mypy (>=0.9.1)", "types-backports"]

[[package]]
name = "coverage"
version = "4.5.2"
description = "Code coverage measurement for Python"
category = "main"
optional = false
python-versions = ">=2.6, !=3.0.*, !=3.1.*, !=3.2.*, <4"

[[package]]
name = "decorator"
version = "5.1.1"
description = "Decorators for Humans"
category = "main"
optional = false
python-versions = ">=3.5"

[[package]]
name = "flake8"
version = "3.5.0"
description = "the modular source code checker: pep8, pyflakes and co"
category = "main"
optional = false
python-versions = "*"

[package.dependencies]
mccabe = ">=0.6.0,<0.7.0"
pycodestyle = ">=2.0.0,<2.4.0"
pyflakes = ">=1.5.0,<1.7.0"

[[package]]
name = "future"
version = "0.18.2"
description = "Clean single-source support for Python 3 and 2"
category = "main"
optional = false
python-versions = ">=2.6, !=3.0.*, !=3.1.*, !=3.2.*"

[[package]]
name = "idna"
version = "2.10"
description = "Internationalized Domain Names in Applications (IDNA)"
category = "main"
optional = false
python-versions = ">=2.7, !=3.0.*, !=3.1.*, !=3.2.*, !=3.3.*"

[[package]]
name = "importlib-metadata"
version = "4.12.0"
description = "Read metadata from Python packages"
category = "main"
optional = false
python-versions = ">=3.7"

[package.dependencies]
typing-extensions = {version = ">=3.6.4", markers = "python_version < \"3.8\""}
zipp = ">=0.5"

[package.extras]
docs = ["jaraco.packaging (>=9)", "rst.linker (>=1.9)", "sphinx"]
perf = ["ipython"]
testing = ["flufl.flake8", "importlib-resources (>=1.3)", "packaging", "pyfakefs", "pytest (>=6)", "pytest-black (>=0.3.7)", "pytest-checkdocs (>=2.4)", "pytest-cov", "pytest-enabler (>=1.3)", "pytest-flake8", "pytest-mypy (>=0.9.1)", "pytest-perf (>=0.9.2)"]

[[package]]
name = "lz4"
version = "2.2.1"
description = "LZ4 Bindings for Python"
category = "main"
optional = false
python-versions = ">=2.7, !=3.0.*, !=3.1.*, !=3.2.*, !=3.3.*"

[package.dependencies]
future = "*"

[package.extras]
docs = ["sphinx (>=1.6.0)", "sphinx-bootstrap-theme"]
flake8 = ["flake8"]
tests = ["psutil", "pytest (!=3.3.0)", "pytest-cov"]

[[package]]
name = "mccabe"
version = "0.6.1"
description = "McCabe checker, plugin for flake8"
category = "main"
optional = false
python-versions = "*"

[[package]]
name = "minio"
version = "5.0.10"
description = "MinIO Python Library for Amazon S3 Compatible Cloud Storage for Python"
category = "main"
optional = false
python-versions = "*"

[package.dependencies]
certifi = "*"
configparser = "*"
python-dateutil = "*"
pytz = "*"
urllib3 = "*"

[[package]]
name = "more-itertools"
version = "8.14.0"
description = "More routines for operating on iterables, beyond itertools"
category = "main"
optional = false
python-versions = ">=3.5"

[[package]]
name = "numpy"
version = "1.16.6"
description = "NumPy is the fundamental package for array computing with Python."
category = "main"
optional = false
python-versions = ">=2.7,!=3.0.*,!=3.1.*,!=3.2.*,!=3.3.*"

[[package]]
name = "packaging"
version = "21.3"
description = "Core utilities for Python packages"
category = "main"
optional = false
python-versions = ">=3.6"

[package.dependencies]
pyparsing = ">=2.0.2,<3.0.5 || >3.0.5"

[[package]]
name = "pika"
version = "1.1.0"
description = "Pika Python AMQP Client Library"
category = "main"
optional = false
python-versions = "*"

[package.extras]
tornado = ["tornado"]
twisted = ["twisted"]

[[package]]
name = "pluggy"
version = "0.13.1"
description = "plugin and hook calling mechanisms for python"
category = "main"
optional = false
python-versions = ">=2.7, !=3.0.*, !=3.1.*, !=3.2.*, !=3.3.*"

[package.dependencies]
importlib-metadata = {version = ">=0.12", markers = "python_version < \"3.8\""}

[package.extras]
dev = ["pre-commit", "tox"]

[[package]]
name = "psutil"
version = "5.8.0"
description = "Cross-platform lib for process and system monitoring in Python."
category = "main"
optional = false
python-versions = ">=2.6, !=3.0.*, !=3.1.*, !=3.2.*, !=3.3.*"

[package.extras]
test = ["enum34", "ipaddress", "mock", "pywin32", "unittest2", "wmi"]

[[package]]
name = "py"
version = "1.11.0"
description = "library with cross-python path, ini-parsing, io, code, log facilities"
category = "main"
optional = false
python-versions = ">=2.7, !=3.0.*, !=3.1.*, !=3.2.*, !=3.3.*, !=3.4.*"

[[package]]
name = "pyarrow"
version = "0.16.0"
description = "Python library for Apache Arrow"
category = "main"
optional = false
python-versions = "*"

[package.dependencies]
numpy = ">=1.14"
six = ">=1.0.0"

[[package]]
name = "pycodestyle"
version = "2.3.1"
description = "Python style guide checker"
category = "main"
optional = false
python-versions = "*"

[[package]]
name = "pyflakes"
version = "1.6.0"
description = "passive checker of Python programs"
category = "main"
optional = false
python-versions = "*"

[[package]]
name = "pyparsing"
version = "3.0.9"
description = "pyparsing module - Classes and methods to define and execute parsing grammars"
category = "main"
optional = false
python-versions = ">=3.6.8"

[package.extras]
diagrams = ["jinja2", "railroad-diagrams"]

[[package]]
name = "pytest"
version = "4.6.11"
description = "pytest: simple powerful testing with Python"
category = "main"
optional = false
python-versions = "!=3.0.*,!=3.1.*,!=3.2.*,!=3.3.*,>=2.7"

[package.dependencies]
atomicwrites = ">=1.0"
attrs = ">=17.4.0"
colorama = {version = "*", markers = "sys_platform == \"win32\" and python_version != \"3.4\""}
importlib-metadata = {version = ">=0.12", markers = "python_version < \"3.8\""}
more-itertools = {version = ">=4.0.0", markers = "python_version > \"2.7\""}
packaging = "*"
pluggy = ">=0.12,<1.0"
py = ">=1.5.0"
six = ">=1.10.0"
wcwidth = "*"

[package.extras]
testing = ["argcomplete", "hypothesis (>=3.56)", "mock", "nose", "requests"]

[[package]]
name = "pytest-mock"
version = "2.0.0"
description = "Thin-wrapper around the mock package for easier use with py.test"
category = "main"
optional = false
python-versions = ">=2.7, !=3.0.*, !=3.1.*, !=3.2.*, !=3.3.*"

[package.dependencies]
pytest = ">=2.7"

[package.extras]
dev = ["pre-commit", "tox"]

[[package]]
name = "python-dateutil"
version = "2.8.2"
description = "Extensions to the standard Python datetime module"
category = "main"
optional = false
python-versions = "!=3.0.*,!=3.1.*,!=3.2.*,>=2.7"

[package.dependencies]
six = ">=1.5"

[[package]]
name = "pytz"
version = "2022.2.1"
description = "World timezone definitions, modern and historical"
category = "main"
optional = false
python-versions = "*"

[[package]]
name = "requests"
version = "2.24.0"
description = "Python HTTP for Humans."
category = "main"
optional = false
python-versions = ">=2.7, !=3.0.*, !=3.1.*, !=3.2.*, !=3.3.*, !=3.4.*"

[package.dependencies]
certifi = ">=2017.4.17"
chardet = ">=3.0.2,<4"
idna = ">=2.5,<3"
urllib3 = ">=1.21.1,<1.25.0 || >1.25.0,<1.25.1 || >1.25.1,<1.26"

[package.extras]
security = ["cryptography (>=1.3.4)", "pyOpenSSL (>=0.14)"]
socks = ["PySocks (>=1.5.6,!=1.5.7)", "win-inet-pton"]

[[package]]
name = "retry"
version = "0.9.2"
description = "Easy to use retry decorator."
category = "main"
optional = false
python-versions = "*"

[package.dependencies]
decorator = ">=3.4.2"
py = ">=1.4.26,<2.0.0"

[[package]]
name = "servicex-transformer"
version = "1.0.3"
description = "ServiceX Data Transformer for HEP Data"
category = "main"
optional = false
python-versions = ">=2.7"

[package.dependencies]
awkward = "0.12.21"
minio = "5.0.10"
numpy = "1.16.6"
pika = "1.1.0"
pyarrow = "0.16.0"
requests = "2.24.0"
retry = "0.9.2"
uproot = "3.11.7"

[package.extras]
test = ["codecov (==2.1.8)", "coverage (>=5.2)", "flake8 (>=3.8)", "pytest (>=4.6.11)", "pytest-mock (>=2.0.0)"]

[[package]]
name = "six"
version = "1.16.0"
description = "Python 2 and 3 compatibility utilities"
category = "main"
optional = false
python-versions = ">=2.7, !=3.0.*, !=3.1.*, !=3.2.*"

[[package]]
name = "typing-extensions"
version = "4.3.0"
description = "Backported and Experimental Type Hints for Python 3.7+"
category = "main"
optional = false
python-versions = ">=3.7"

[[package]]
name = "uproot"
version = "3.11.7"
description = "ROOT I/O in pure Python and Numpy."
category = "main"
optional = false
python-versions = ">=2.7, !=3.0.*, !=3.1.*, !=3.2.*, !=3.3.*, !=3.4.*"

[package.dependencies]
awkward = ">=0.12.0,<1.0"
cachetools = "*"
numpy = ">=1.13.1"
uproot-methods = ">=0.7.0"

[package.extras]
compress = ["backports.lzma", "lz4", "xxhash", "zstandard"]
testing = ["backports.lzma", "lz4", "mock", "pkgconfig", "pytest (>=3.9)", "requests", "xxhash", "zstandard"]

[[package]]
name = "uproot-methods"
version = "0.9.2"
description = "Pythonic mix-ins for ROOT classes."
category = "main"
optional = false
python-versions = "*"

[package.dependencies]
awkward = "<1.0.0"
numpy = ">=1.13.1"

[[package]]
name = "urllib3"
version = "1.25.11"
description = "HTTP library with thread-safe connection pooling, file post, and more."
category = "main"
optional = false
python-versions = ">=2.7, !=3.0.*, !=3.1.*, !=3.2.*, !=3.3.*, !=3.4.*, <4"

[package.extras]
brotli = ["brotlipy (>=0.6.0)"]
secure = ["certifi", "cryptography (>=1.3.4)", "idna (>=2.0.0)", "ipaddress", "pyOpenSSL (>=0.14)"]
socks = ["PySocks (>=1.5.6,!=1.5.7,<2.0)"]

[[package]]
name = "wcwidth"
version = "0.2.5"
description = "Measures the displayed width of unicode strings in a terminal"
category = "main"
optional = false
python-versions = "*"

[[package]]
name = "xxhash"
version = "1.4.4"
description = "Python binding for xxHash"
category = "main"
optional = false
python-versions = ">=2.6, !=3.0.*, !=3.1.*, !=3.2.*"

[[package]]
name = "zipp"
version = "3.8.1"
description = "Backport of pathlib-compatible object wrapper for zip files"
category = "main"
optional = false
python-versions = ">=3.7"

[package.extras]
docs = ["jaraco.packaging (>=9)", "jaraco.tidelift (>=1.4)", "rst.linker (>=1.9)", "sphinx"]
testing = ["func-timeout", "jaraco.itertools", "pytest (>=6)", "pytest-black (>=0.3.7)", "pytest-checkdocs (>=2.4)", "pytest-cov", "pytest-enabler (>=1.3)", "pytest-flake8", "pytest-mypy (>=0.9.1)"]

[metadata]
lock-version = "1.1"
python-versions = "^3.7"
content-hash = "eb7479466d044015c692126ecf4b64543b8822f827fb3c4cf39fea561d1b7751"

[metadata.files]
atomicwrites = [
    {file = "atomicwrites-1.4.1.tar.gz", hash = "sha256:81b2c9071a49367a7f770170e5eec8cb66567cfbbc8c73d20ce5ca4a8d71cf11"},
]
attrs = [
    {file = "attrs-22.1.0-py2.py3-none-any.whl", hash = "sha256:86efa402f67bf2df34f51a335487cf46b1ec130d02b8d39fd248abfd30da551c"},
    {file = "attrs-22.1.0.tar.gz", hash = "sha256:29adc2665447e5191d0e7c568fde78b21f9672d344281d0c6e1ab085429b22b6"},
]
awkward = [
    {file = "awkward-0.12.21-py2.py3-none-any.whl", hash = "sha256:eae24bb8544f4d32fc139e0a0a14f0826cb2c9664c957fd661c8c1ceb5005119"},
    {file = "awkward-0.12.21.tar.gz", hash = "sha256:1253f1d85bda79a45d209ea467e4ba6fcaa5354c317c194945dc354a259f5aa8"},
]
cachetools = [
    {file = "cachetools-5.2.0-py3-none-any.whl", hash = "sha256:f9f17d2aec496a9aa6b76f53e3b614c965223c061982d434d160f930c698a9db"},
    {file = "cachetools-5.2.0.tar.gz", hash = "sha256:6a94c6402995a99c3970cc7e4884bb60b4a8639938157eeed436098bf9831757"},
]
certifi = [
    {file = "certifi-2022.9.24-py3-none-any.whl", hash = "sha256:90c1a32f1d68f940488354e36370f6cca89f0f106db09518524c88d6ed83f382"},
    {file = "certifi-2022.9.24.tar.gz", hash = "sha256:0d9c601124e5a6ba9712dbc60d9c53c21e34f5f641fe83002317394311bdce14"},
]
chardet = [
    {file = "chardet-3.0.4-py2.py3-none-any.whl", hash = "sha256:fc323ffcaeaed0e0a02bf4d117757b98aed530d9ed4531e3e15460124c106691"},
    {file = "chardet-3.0.4.tar.gz", hash = "sha256:84ab92ed1c4d4f16916e05906b6b75a6c0fb5db821cc65e70cbd64a3e2a5eaae"},
]
codecov = [
    {file = "codecov-2.0.17-py2.py3-none-any.whl", hash = "sha256:f709ed9576df8d63a65e0c250497dbc5090400d775777bef8735356b9ebc02dc"},
    {file = "codecov-2.0.17.tar.gz", hash = "sha256:df81781dfae3a033ffcca5b340c7bba36c5a3091a02e710955fb748684528225"},
]
colorama = [
    {file = "colorama-0.4.5-py2.py3-none-any.whl", hash = "sha256:854bf444933e37f5824ae7bfc1e98d5bce2ebe4160d46b5edf346a89358e99da"},
    {file = "colorama-0.4.5.tar.gz", hash = "sha256:e6c6b4334fc50988a639d9b98aa429a0b57da6e17b9a44f0451f930b6967b7a4"},
]
configparser = [
    {file = "configparser-5.3.0-py3-none-any.whl", hash = "sha256:b065779fd93c6bf4cee42202fa4351b4bb842e96a3fb469440e484517a49b9fa"},
    {file = "configparser-5.3.0.tar.gz", hash = "sha256:8be267824b541c09b08db124917f48ab525a6c3e837011f3130781a224c57090"},
]
coverage = [
    {file = "coverage-4.5.2-cp26-cp26m-macosx_10_12_x86_64.whl", hash = "sha256:a5c58664b23b248b16b96253880b2868fb34358911400a7ba39d7f6399935389"},
    {file = "coverage-4.5.2-cp27-cp27m-macosx_10_12_x86_64.whl", hash = "sha256:b3b0c8f660fae65eac74fbf003f3103769b90012ae7a460863010539bb7a80da"},
    {file = "coverage-4.5.2-cp27-cp27m-macosx_10_13_intel.whl", hash = "sha256:8cb4febad0f0b26c6f62e1628f2053954ad2c555d67660f28dfb1b0496711952"},
    {file = "coverage-4.5.2-cp27-cp27m-manylinux1_i686.whl", hash = "sha256:447c450a093766744ab53bf1e7063ec82866f27bcb4f4c907da25ad293bba7e3"},
    {file = "coverage-4.5.2-cp27-cp27m-manylinux1_x86_64.whl", hash = "sha256:1b4276550b86caa60606bd3572b52769860a81a70754a54acc8ba789ce74d607"},
    {file = "coverage-4.5.2-cp27-cp27m-win32.whl", hash = "sha256:09e47c529ff77bf042ecfe858fb55c3e3eb97aac2c87f0349ab5a7efd6b3939f"},
    {file = "coverage-4.5.2-cp27-cp27m-win_amd64.whl", hash = "sha256:5535dda5739257effef56e49a1c51c71f1d37a6e5607bb25a5eee507c59580d1"},
    {file = "coverage-4.5.2-cp27-cp27mu-manylinux1_i686.whl", hash = "sha256:6694d5573e7790a0e8d3d177d7a416ca5f5c150742ee703f3c18df76260de794"},
    {file = "coverage-4.5.2-cp27-cp27mu-manylinux1_x86_64.whl", hash = "sha256:510986f9a280cd05189b42eee2b69fecdf5bf9651d4cd315ea21d24a964a3c36"},
    {file = "coverage-4.5.2-cp33-cp33m-macosx_10_10_x86_64.whl", hash = "sha256:0a1f9b0eb3aa15c990c328535655847b3420231af299386cfe5efc98f9c250fe"},
    {file = "coverage-4.5.2-cp34-cp34m-macosx_10_12_x86_64.whl", hash = "sha256:0cc941b37b8c2ececfed341444a456912e740ecf515d560de58b9a76562d966d"},
    {file = "coverage-4.5.2-cp34-cp34m-manylinux1_i686.whl", hash = "sha256:da969da069a82bbb5300b59161d8d7c8d423bc4ccd3b410a9b4d8932aeefc14b"},
    {file = "coverage-4.5.2-cp34-cp34m-manylinux1_x86_64.whl", hash = "sha256:6831e1ac20ac52634da606b658b0b2712d26984999c9d93f0c6e59fe62ca741b"},
    {file = "coverage-4.5.2-cp34-cp34m-win32.whl", hash = "sha256:5f55028169ef85e1fa8e4b8b1b91c0b3b0fa3297c4fb22990d46ff01d22c2d6c"},
    {file = "coverage-4.5.2-cp34-cp34m-win_amd64.whl", hash = "sha256:10e8af18d1315de936d67775d3a814cc81d0747a1a0312d84e27ae5610e313b0"},
    {file = "coverage-4.5.2-cp35-cp35m-macosx_10_12_x86_64.whl", hash = "sha256:2b224052bfd801beb7478b03e8a66f3f25ea56ea488922e98903914ac9ac930b"},
    {file = "coverage-4.5.2-cp35-cp35m-manylinux1_i686.whl", hash = "sha256:77f0d9fa5e10d03aa4528436e33423bfa3718b86c646615f04616294c935f840"},
    {file = "coverage-4.5.2-cp35-cp35m-manylinux1_x86_64.whl", hash = "sha256:5a7524042014642b39b1fcae85fb37556c200e64ec90824ae9ecf7b667ccfc14"},
    {file = "coverage-4.5.2-cp35-cp35m-win32.whl", hash = "sha256:85a06c61598b14b015d4df233d249cd5abfa61084ef5b9f64a48e997fd829a82"},
    {file = "coverage-4.5.2-cp35-cp35m-win_amd64.whl", hash = "sha256:ed02c7539705696ecb7dc9d476d861f3904a8d2b7e894bd418994920935d36bb"},
    {file = "coverage-4.5.2-cp36-cp36m-macosx_10_13_x86_64.whl", hash = "sha256:aaa0f296e503cda4bc07566f592cd7a28779d433f3a23c48082af425d6d5a78f"},
    {file = "coverage-4.5.2-cp36-cp36m-manylinux1_i686.whl", hash = "sha256:1e8a2627c48266c7b813975335cfdea58c706fe36f607c97d9392e61502dc79d"},
    {file = "coverage-4.5.2-cp36-cp36m-manylinux1_x86_64.whl", hash = "sha256:46101fc20c6f6568561cdd15a54018bb42980954b79aa46da8ae6f008066a30e"},
    {file = "coverage-4.5.2-cp36-cp36m-win32.whl", hash = "sha256:ee5b8abc35b549012e03a7b1e86c09491457dba6c94112a2482b18589cc2bdb9"},
    {file = "coverage-4.5.2-cp36-cp36m-win_amd64.whl", hash = "sha256:c45297bbdbc8bb79b02cf41417d63352b70bcb76f1bbb1ee7d47b3e89e42f95d"},
    {file = "coverage-4.5.2-cp37-cp37m-macosx_10_13_x86_64.whl", hash = "sha256:d64b4340a0c488a9e79b66ec9f9d77d02b99b772c8b8afd46c1294c1d39ca478"},
    {file = "coverage-4.5.2-cp37-cp37m-manylinux1_i686.whl", hash = "sha256:828ad813c7cdc2e71dcf141912c685bfe4b548c0e6d9540db6418b807c345ddd"},
    {file = "coverage-4.5.2-cp37-cp37m-manylinux1_x86_64.whl", hash = "sha256:d19bca47c8a01b92640c614a9147b081a1974f69168ecd494687c827109e8f42"},
    {file = "coverage-4.5.2-cp37-cp37m-win32.whl", hash = "sha256:4710dc676bb4b779c4361b54eb308bc84d64a2fa3d78e5f7228921eccce5d815"},
    {file = "coverage-4.5.2-cp37-cp37m-win_amd64.whl", hash = "sha256:bab8e6d510d2ea0f1d14f12642e3f35cefa47a9b2e4c7cea1852b52bc9c49647"},
    {file = "coverage-4.5.2.tar.gz", hash = "sha256:ab235d9fe64833f12d1334d29b558aacedfbca2356dfb9691f2d0d38a8a7bfb4"},
]
decorator = [
    {file = "decorator-5.1.1-py3-none-any.whl", hash = "sha256:b8c3f85900b9dc423225913c5aace94729fe1fa9763b38939a95226f02d37186"},
    {file = "decorator-5.1.1.tar.gz", hash = "sha256:637996211036b6385ef91435e4fae22989472f9d571faba8927ba8253acbc330"},
]
flake8 = [
    {file = "flake8-3.5.0-py2.py3-none-any.whl", hash = "sha256:c7841163e2b576d435799169b78703ad6ac1bbb0f199994fc05f700b2a90ea37"},
    {file = "flake8-3.5.0.tar.gz", hash = "sha256:7253265f7abd8b313e3892944044a365e3f4ac3fcdcfb4298f55ee9ddf188ba0"},
]
future = [
    {file = "future-0.18.2.tar.gz", hash = "sha256:b1bead90b70cf6ec3f0710ae53a525360fa360d306a86583adc6bf83a4db537d"},
]
idna = [
    {file = "idna-2.10-py2.py3-none-any.whl", hash = "sha256:b97d804b1e9b523befed77c48dacec60e6dcb0b5391d57af6a65a312a90648c0"},
    {file = "idna-2.10.tar.gz", hash = "sha256:b307872f855b18632ce0c21c5e45be78c0ea7ae4c15c828c20788b26921eb3f6"},
]
importlib-metadata = [
    {file = "importlib_metadata-4.12.0-py3-none-any.whl", hash = "sha256:7401a975809ea1fdc658c3aa4f78cc2195a0e019c5cbc4c06122884e9ae80c23"},
    {file = "importlib_metadata-4.12.0.tar.gz", hash = "sha256:637245b8bab2b6502fcbc752cc4b7a6f6243bb02b31c5c26156ad103d3d45670"},
]
lz4 = [
    {file = "lz4-2.2.1-cp27-cp27m-macosx_10_6_intel.whl", hash = "sha256:b81ad552da981d21679eb32fa9c601ae22cf3b154221c601d8131c18e2d5921d"},
    {file = "lz4-2.2.1-cp27-cp27m-manylinux1_i686.whl", hash = "sha256:308b5fc10ce093f58e07e4c71c65e0df5f764610adfdf37dc561a522d61c21e1"},
    {file = "lz4-2.2.1-cp27-cp27m-manylinux1_x86_64.whl", hash = "sha256:9f529a443f9eb1b49d040f0791bb3934c64b9a927609a30319c3b82f93d9525a"},
    {file = "lz4-2.2.1-cp27-cp27m-win32.whl", hash = "sha256:5b110f1dc710f42d35e16b46c20fdead1c3543db3d8e6adf103f373b3fb0f323"},
    {file = "lz4-2.2.1-cp27-cp27m-win_amd64.whl", hash = "sha256:ffb272017186dec10e05a85a08932915bae59368c903f55d04a4637f48fdbd8c"},
    {file = "lz4-2.2.1-cp27-cp27mu-manylinux1_i686.whl", hash = "sha256:349ac583214adb6501dec74b3d16595be6c8d7d3ab1da967cc920eeb806589f8"},
    {file = "lz4-2.2.1-cp27-cp27mu-manylinux1_x86_64.whl", hash = "sha256:4ab137fce055e64ab25b04dbc070d4ce25c9d15d651bcf31ce48ad45e3b7373a"},
    {file = "lz4-2.2.1-cp34-cp34m-macosx_10_6_intel.whl", hash = "sha256:0083af5fd7620220d798999cd2ed5c0d51bfdb383fa9459d49bdd8908449049b"},
    {file = "lz4-2.2.1-cp34-cp34m-manylinux1_i686.whl", hash = "sha256:c52a850194c0c161bfb7d0a49efa1080d184fee852d9a409e8a537d52ea43c7d"},
    {file = "lz4-2.2.1-cp34-cp34m-manylinux1_x86_64.whl", hash = "sha256:05cebbaf3f7d020281c826f3eac545fcb9e882920c9050df97730dfba81aa3bc"},
    {file = "lz4-2.2.1-cp34-cp34m-win32.whl", hash = "sha256:60985c28057c9d906dc4526c5253335e21ab215e411c03691ca41ac70e90ee0c"},
    {file = "lz4-2.2.1-cp34-cp34m-win_amd64.whl", hash = "sha256:ee1d49f49121e36ab918a2a4ef1071c4f3f5f39b40b5ede6ab2e9607c1134cc0"},
    {file = "lz4-2.2.1-cp35-cp35m-macosx_10_6_intel.whl", hash = "sha256:02214bb58fbc91a7c3f6560c2f865b0cb6aa14f5936966c6675bfd7b8af44d5b"},
    {file = "lz4-2.2.1-cp35-cp35m-manylinux1_i686.whl", hash = "sha256:c47375a46ab0226470fa12d11d33db5357348667782d2d33a59c3439de59bf4b"},
    {file = "lz4-2.2.1-cp35-cp35m-manylinux1_x86_64.whl", hash = "sha256:fe9b31f96eebf54b3bb5a51d2b1650b2a3a3f8d7483c66775aeb9c0f1fba6ca0"},
    {file = "lz4-2.2.1-cp35-cp35m-win32.whl", hash = "sha256:87f9e3f2d3c932a4d056a60c6c17e2cc8e2097ada8b235c568ae4668f05260f5"},
    {file = "lz4-2.2.1-cp35-cp35m-win_amd64.whl", hash = "sha256:edd4877cd037684c18aa21deab0cd72ca8b296d6c313cf6123c3e0ca23e8816d"},
    {file = "lz4-2.2.1-cp36-cp36m-macosx_10_6_intel.whl", hash = "sha256:22568163885eeaa67e374af315a9c41aa6b4b649f4e13f19f07a91656fff3ce8"},
    {file = "lz4-2.2.1-cp36-cp36m-manylinux1_i686.whl", hash = "sha256:02ed8c13b7d319d53018cbf2814ed2dc32105f5bb2a2dad170b04fa210b1bfa0"},
    {file = "lz4-2.2.1-cp36-cp36m-manylinux1_x86_64.whl", hash = "sha256:13348bf417cbd6b16f747b27e3c1609abc9c778373352bfa3f2139f69889a1dd"},
    {file = "lz4-2.2.1-cp36-cp36m-win32.whl", hash = "sha256:0a9f777f3b70d2fbc6c4fdcc75eaed298de2a4f92a02da8b3a49f53a89879d6a"},
    {file = "lz4-2.2.1-cp36-cp36m-win_amd64.whl", hash = "sha256:50e6b070c614def688c7ba7a8be91122da196fedabe2a4dfd9678ba0fdfc37cf"},
    {file = "lz4-2.2.1-cp37-cp37m-macosx_10_6_intel.whl", hash = "sha256:4f43fb83950cb5e9d5c6385e5bb6c00c5b1a15c39884ef1469aa8274d5028639"},
    {file = "lz4-2.2.1-cp37-cp37m-manylinux1_i686.whl", hash = "sha256:c7fd29b0a1bdb2b0fdd20aea059b98f05780efdd3445c3304e122e43d117a080"},
    {file = "lz4-2.2.1-cp37-cp37m-manylinux1_x86_64.whl", hash = "sha256:95b8db1be938f5c17043bb9143bc120d270f7cebcb439686ec43d8c0b36b6377"},
    {file = "lz4-2.2.1-cp37-cp37m-win32.whl", hash = "sha256:29784ada7b93ef77d766ce5e40b4de1e9de085435694bd87586eb62a29b59623"},
    {file = "lz4-2.2.1-cp37-cp37m-win_amd64.whl", hash = "sha256:bf60676d028f112a5a4d718b38b03b926823e58119ebaf98329fc8b6b61af63e"},
    {file = "lz4-2.2.1.tar.gz", hash = "sha256:b666e2d04648f656b6af7d863bc7e50bd72bc00c5c569f89ead010c29c5facb4"},
]
mccabe = [
    {file = "mccabe-0.6.1-py2.py3-none-any.whl", hash = "sha256:ab8a6258860da4b6677da4bd2fe5dc2c659cff31b3ee4f7f5d64e79735b80d42"},
    {file = "mccabe-0.6.1.tar.gz", hash = "sha256:dd8d182285a0fe56bace7f45b5e7d1a6ebcbf524e8f3bd87eb0f125271b8831f"},
]
minio = [
    {file = "minio-5.0.10-py2.py3-none-any.whl", hash = "sha256:ba5978a97e3366983c8b4ea11f2ae8e1add995ab4789e0098dd2403199999ac4"},
    {file = "minio-5.0.10.tar.gz", hash = "sha256:6ecb7637a35f806733e9d112eacfa599a58d7c3d4698fda2b5c86fff5d34b417"},
]
more-itertools = [
    {file = "more-itertools-8.14.0.tar.gz", hash = "sha256:c09443cd3d5438b8dafccd867a6bc1cb0894389e90cb53d227456b0b0bccb750"},
    {file = "more_itertools-8.14.0-py3-none-any.whl", hash = "sha256:1bc4f91ee5b1b31ac7ceacc17c09befe6a40a503907baf9c839c229b5095cfd2"},
]
numpy = [
    {file = "numpy-1.16.6-cp27-cp27m-macosx_10_9_x86_64.whl", hash = "sha256:08bf4f66f190822f4642e036accde8da810b87fffc0b9409e7a00d9e54760099"},
    {file = "numpy-1.16.6-cp27-cp27m-manylinux1_i686.whl", hash = "sha256:d759ca1b76ac6f6b6159fb74984126035feb1dee9f68b4b961889b6dc090f33a"},
    {file = "numpy-1.16.6-cp27-cp27m-manylinux1_x86_64.whl", hash = "sha256:d3c5377c6122de876e695937ef41ffee5d2831154c5e4856481b93406cdfeecb"},
    {file = "numpy-1.16.6-cp27-cp27m-win32.whl", hash = "sha256:345b1748e6b0d4773a518868c783b16fdc33a22683bdb863484cd29fe8d206e6"},
    {file = "numpy-1.16.6-cp27-cp27m-win_amd64.whl", hash = "sha256:7a5a1f49a643aa1ab3e0579da0a48b8a48ea4369eb63c5065459d0a37f430237"},
    {file = "numpy-1.16.6-cp27-cp27mu-manylinux1_i686.whl", hash = "sha256:817eed5a6ec2fc9c1a0ee3fbf9a441c66b6766383580513ccbdf3121acc0b4fb"},
    {file = "numpy-1.16.6-cp27-cp27mu-manylinux1_x86_64.whl", hash = "sha256:1680c8d5086a88d293dfd1a10b6429a09140cacee878034fa2308472ec835db4"},
    {file = "numpy-1.16.6-cp35-cp35m-macosx_10_9_intel.whl", hash = "sha256:a4383edb1b8caa989c3541a37ef204916322c503b8eeacc7ee8f4ba24cac97b8"},
    {file = "numpy-1.16.6-cp35-cp35m-manylinux1_i686.whl", hash = "sha256:9bb690692f3101583b0b99f3be362742e4f8ebe6c7934fa36cd8ca2b567a0bcc"},
    {file = "numpy-1.16.6-cp35-cp35m-manylinux1_x86_64.whl", hash = "sha256:b9e334568ca1bf56598eddfac6db6a75bcf1c91aa90d598648f21e45207daeae"},
    {file = "numpy-1.16.6-cp35-cp35m-win32.whl", hash = "sha256:55cae40d2024c56e7b79fb070106cb4289dcc6b55c62dba1d89a6944448c6a53"},
    {file = "numpy-1.16.6-cp35-cp35m-win_amd64.whl", hash = "sha256:a1ffc9c770ccc2be9284310a3726c918b26ca19b34c0079e7a41aba950ab175f"},
    {file = "numpy-1.16.6-cp36-cp36m-macosx_10_9_x86_64.whl", hash = "sha256:3f423b06bf67cd1dbf72e13e9b53a9ca71972e5abf712ee6cb5d8cbb178fff02"},
    {file = "numpy-1.16.6-cp36-cp36m-manylinux1_i686.whl", hash = "sha256:34e6bb44e3d9a663f903b8c297ede865b4dff039aa43cc9a0b249e02c27f1396"},
    {file = "numpy-1.16.6-cp36-cp36m-manylinux1_x86_64.whl", hash = "sha256:60c56922c9d759d664078fbef94132377ef1498ab27dd3d0cc7a21b346e68c06"},
    {file = "numpy-1.16.6-cp36-cp36m-win32.whl", hash = "sha256:23cad5e5858dfb73c0e5bce03fe78e5e5908c22263156c58d4afdbb240683c6c"},
    {file = "numpy-1.16.6-cp36-cp36m-win_amd64.whl", hash = "sha256:77399828d96cca386bfba453025c34f22569909d90332b961d3d4341cdb46a84"},
    {file = "numpy-1.16.6-cp37-cp37m-macosx_10_9_x86_64.whl", hash = "sha256:97ddfa7688295d460ee48a4d76337e9fdd2506d9d1d0eee7f0348b42b430da4c"},
    {file = "numpy-1.16.6-cp37-cp37m-manylinux1_i686.whl", hash = "sha256:390f6e14a8d73591f086680464aa101a9be9187d0c633f48c98b429b31b712c2"},
    {file = "numpy-1.16.6-cp37-cp37m-manylinux1_x86_64.whl", hash = "sha256:a1772dc227e3e415eeaa646d25690dc854bddc3d626e454c7c27acba060cb900"},
    {file = "numpy-1.16.6-cp37-cp37m-win32.whl", hash = "sha256:c9fb4fcfcdcaccfe2c4e1f9e0133ed59df5df2aa3655f3d391887e892b0a784c"},
    {file = "numpy-1.16.6-cp37-cp37m-win_amd64.whl", hash = "sha256:6b1853364775edb85ceb0f7f8214d9e993d4d1d9bd3310eae80529ea14ba2ba6"},
    {file = "numpy-1.16.6.zip", hash = "sha256:e5cf3fdf13401885e8eea8170624ec96225e2174eb0c611c6f26dd33b489e3ff"},
]
packaging = [
    {file = "packaging-21.3-py3-none-any.whl", hash = "sha256:ef103e05f519cdc783ae24ea4e2e0f508a9c99b2d4969652eed6a2e1ea5bd522"},
    {file = "packaging-21.3.tar.gz", hash = "sha256:dd47c42927d89ab911e606518907cc2d3a1f38bbd026385970643f9c5b8ecfeb"},
]
pika = [
    {file = "pika-1.1.0-py2.py3-none-any.whl", hash = "sha256:4e1a1a6585a41b2341992ec32aadb7a919d649eb82904fd8e4a4e0871c8cf3af"},
    {file = "pika-1.1.0.tar.gz", hash = "sha256:9fa76ba4b65034b878b2b8de90ff8660a59d925b087c5bb88f8fdbb4b64a1dbf"},
]
pluggy = [
    {file = "pluggy-0.13.1-py2.py3-none-any.whl", hash = "sha256:966c145cd83c96502c3c3868f50408687b38434af77734af1e9ca461a4081d2d"},
    {file = "pluggy-0.13.1.tar.gz", hash = "sha256:15b2acde666561e1298d71b523007ed7364de07029219b604cf808bfa1c765b0"},
]
psutil = [
    {file = "psutil-5.8.0-cp27-cp27m-macosx_10_9_x86_64.whl", hash = "sha256:0066a82f7b1b37d334e68697faba68e5ad5e858279fd6351c8ca6024e8d6ba64"},
    {file = "psutil-5.8.0-cp27-cp27m-manylinux2010_i686.whl", hash = "sha256:0ae6f386d8d297177fd288be6e8d1afc05966878704dad9847719650e44fc49c"},
    {file = "psutil-5.8.0-cp27-cp27m-manylinux2010_x86_64.whl", hash = "sha256:12d844996d6c2b1d3881cfa6fa201fd635971869a9da945cf6756105af73d2df"},
    {file = "psutil-5.8.0-cp27-cp27mu-manylinux2010_i686.whl", hash = "sha256:02b8292609b1f7fcb34173b25e48d0da8667bc85f81d7476584d889c6e0f2131"},
    {file = "psutil-5.8.0-cp27-cp27mu-manylinux2010_x86_64.whl", hash = "sha256:6ffe81843131ee0ffa02c317186ed1e759a145267d54fdef1bc4ea5f5931ab60"},
    {file = "psutil-5.8.0-cp27-none-win32.whl", hash = "sha256:ea313bb02e5e25224e518e4352af4bf5e062755160f77e4b1767dd5ccb65f876"},
    {file = "psutil-5.8.0-cp27-none-win_amd64.whl", hash = "sha256:5da29e394bdedd9144c7331192e20c1f79283fb03b06e6abd3a8ae45ffecee65"},
    {file = "psutil-5.8.0-cp36-cp36m-macosx_10_9_x86_64.whl", hash = "sha256:74fb2557d1430fff18ff0d72613c5ca30c45cdbfcddd6a5773e9fc1fe9364be8"},
    {file = "psutil-5.8.0-cp36-cp36m-manylinux2010_i686.whl", hash = "sha256:74f2d0be88db96ada78756cb3a3e1b107ce8ab79f65aa885f76d7664e56928f6"},
    {file = "psutil-5.8.0-cp36-cp36m-manylinux2010_x86_64.whl", hash = "sha256:99de3e8739258b3c3e8669cb9757c9a861b2a25ad0955f8e53ac662d66de61ac"},
    {file = "psutil-5.8.0-cp36-cp36m-win32.whl", hash = "sha256:36b3b6c9e2a34b7d7fbae330a85bf72c30b1c827a4366a07443fc4b6270449e2"},
    {file = "psutil-5.8.0-cp36-cp36m-win_amd64.whl", hash = "sha256:52de075468cd394ac98c66f9ca33b2f54ae1d9bff1ef6b67a212ee8f639ec06d"},
    {file = "psutil-5.8.0-cp37-cp37m-macosx_10_9_x86_64.whl", hash = "sha256:c6a5fd10ce6b6344e616cf01cc5b849fa8103fbb5ba507b6b2dee4c11e84c935"},
    {file = "psutil-5.8.0-cp37-cp37m-manylinux2010_i686.whl", hash = "sha256:61f05864b42fedc0771d6d8e49c35f07efd209ade09a5afe6a5059e7bb7bf83d"},
    {file = "psutil-5.8.0-cp37-cp37m-manylinux2010_x86_64.whl", hash = "sha256:0dd4465a039d343925cdc29023bb6960ccf4e74a65ad53e768403746a9207023"},
    {file = "psutil-5.8.0-cp37-cp37m-win32.whl", hash = "sha256:1bff0d07e76114ec24ee32e7f7f8d0c4b0514b3fae93e3d2aaafd65d22502394"},
    {file = "psutil-5.8.0-cp37-cp37m-win_amd64.whl", hash = "sha256:fcc01e900c1d7bee2a37e5d6e4f9194760a93597c97fee89c4ae51701de03563"},
    {file = "psutil-5.8.0-cp38-cp38-macosx_10_9_x86_64.whl", hash = "sha256:6223d07a1ae93f86451d0198a0c361032c4c93ebd4bf6d25e2fb3edfad9571ef"},
    {file = "psutil-5.8.0-cp38-cp38-manylinux2010_i686.whl", hash = "sha256:d225cd8319aa1d3c85bf195c4e07d17d3cd68636b8fc97e6cf198f782f99af28"},
    {file = "psutil-5.8.0-cp38-cp38-manylinux2010_x86_64.whl", hash = "sha256:28ff7c95293ae74bf1ca1a79e8805fcde005c18a122ca983abf676ea3466362b"},
    {file = "psutil-5.8.0-cp38-cp38-win32.whl", hash = "sha256:ce8b867423291cb65cfc6d9c4955ee9bfc1e21fe03bb50e177f2b957f1c2469d"},
    {file = "psutil-5.8.0-cp38-cp38-win_amd64.whl", hash = "sha256:90f31c34d25b1b3ed6c40cdd34ff122b1887a825297c017e4cbd6796dd8b672d"},
    {file = "psutil-5.8.0-cp39-cp39-macosx_10_9_x86_64.whl", hash = "sha256:6323d5d845c2785efb20aded4726636546b26d3b577aded22492908f7c1bdda7"},
    {file = "psutil-5.8.0-cp39-cp39-manylinux2010_i686.whl", hash = "sha256:245b5509968ac0bd179287d91210cd3f37add77dad385ef238b275bad35fa1c4"},
    {file = "psutil-5.8.0-cp39-cp39-manylinux2010_x86_64.whl", hash = "sha256:90d4091c2d30ddd0a03e0b97e6a33a48628469b99585e2ad6bf21f17423b112b"},
    {file = "psutil-5.8.0-cp39-cp39-win32.whl", hash = "sha256:ea372bcc129394485824ae3e3ddabe67dc0b118d262c568b4d2602a7070afdb0"},
    {file = "psutil-5.8.0-cp39-cp39-win_amd64.whl", hash = "sha256:f4634b033faf0d968bb9220dd1c793b897ab7f1189956e1aa9eae752527127d3"},
    {file = "psutil-5.8.0.tar.gz", hash = "sha256:0c9ccb99ab76025f2f0bbecf341d4656e9c1351db8cc8a03ccd62e318ab4b5c6"},
]
py = [
    {file = "py-1.11.0-py2.py3-none-any.whl", hash = "sha256:607c53218732647dff4acdfcd50cb62615cedf612e72d1724fb1a0cc6405b378"},
    {file = "py-1.11.0.tar.gz", hash = "sha256:51c75c4126074b472f746a24399ad32f6053d1b34b68d2fa41e558e6f4a98719"},
]
pyarrow = [
    {file = "pyarrow-0.16.0-cp27-cp27m-macosx_10_9_intel.whl", hash = "sha256:db6d7ec70beeaea468c9c47241f95e2eecfaa2dbb4a27965bf1f952c12680fe9"},
    {file = "pyarrow-0.16.0-cp27-cp27m-manylinux1_x86_64.whl", hash = "sha256:caf50dfcc709c7cfca4f816e9b4442222e9e6d3ec51c2618fb6bde8a73c59be4"},
    {file = "pyarrow-0.16.0-cp27-cp27m-manylinux2010_x86_64.whl", hash = "sha256:899d7316ea5610798c42e13ffb1d73323600168ccd6d8f0d58ce9e665b7a341f"},
    {file = "pyarrow-0.16.0-cp27-cp27mu-manylinux1_x86_64.whl", hash = "sha256:94d89482bb5461c55b2ee33eafd44294c7f1244cc9e390ea7855f647957113f7"},
    {file = "pyarrow-0.16.0-cp27-cp27mu-manylinux2010_x86_64.whl", hash = "sha256:8663ca4ca5c27fcb5c8bfc5c7b7e8780b9d699e47da1cad1b7b170eff98498b5"},
    {file = "pyarrow-0.16.0-cp35-cp35m-macosx_10_9_intel.whl", hash = "sha256:5449408037c761a0622d13cc0c21756fcce2ea7346ea9c73e2abf8cdd8385ea2"},
    {file = "pyarrow-0.16.0-cp35-cp35m-manylinux1_x86_64.whl", hash = "sha256:a609354433dd31ffc4c8de8637de915391fd6ff781b3d8c5d51d3f4eec6fcf39"},
    {file = "pyarrow-0.16.0-cp35-cp35m-manylinux2010_x86_64.whl", hash = "sha256:c1214f1689711d6562df70863cbd62d6f2a83e68214bb4c97c489f2f97ddeaf4"},
    {file = "pyarrow-0.16.0-cp35-cp35m-manylinux2014_x86_64.whl", hash = "sha256:8a00a8497e2367c4f206bb8b7df01852d1e3f1261107ee77a217af654793ac0e"},
    {file = "pyarrow-0.16.0-cp35-cp35m-win_amd64.whl", hash = "sha256:df8ff1c5de2e454dcab9421d70d0db3985ad4efc40899d947687ca6d36846fc8"},
    {file = "pyarrow-0.16.0-cp36-cp36m-macosx_10_9_intel.whl", hash = "sha256:7aebec0f1b76e73a6307b5027618c843eadb4dc4f6e1f08ca496a01a7273ac64"},
    {file = "pyarrow-0.16.0-cp36-cp36m-manylinux1_x86_64.whl", hash = "sha256:dd18bc60cef3e72f8082c46de4cfb0cf9fb294c0ff7a201e2b95924fb5d2d146"},
    {file = "pyarrow-0.16.0-cp36-cp36m-manylinux2010_x86_64.whl", hash = "sha256:00abec64636aa506d948926ab5dd37fdfe8c0407b069602ba16c68c19ccb0257"},
    {file = "pyarrow-0.16.0-cp36-cp36m-manylinux2014_x86_64.whl", hash = "sha256:09e9046e3dc24b5c81d307d150b8c04b127aa9f9b3c6babcf13313f2448dd185"},
    {file = "pyarrow-0.16.0-cp36-cp36m-win_amd64.whl", hash = "sha256:e6c042f192c9a0ba33a927a8d0a1e6bfe3ab29aa48a74fc48040d32b07d65124"},
    {file = "pyarrow-0.16.0-cp37-cp37m-macosx_10_9_intel.whl", hash = "sha256:d746e5f34240199ef8afdd0efb391692b85b1ce3e098febd887efc2128da6570"},
    {file = "pyarrow-0.16.0-cp37-cp37m-manylinux1_x86_64.whl", hash = "sha256:5fede6cb5d9fda323098042ece0597f40e5bd78520b87e7b8efdd8f062846ad8"},
    {file = "pyarrow-0.16.0-cp37-cp37m-manylinux2010_x86_64.whl", hash = "sha256:53d3f3684ca0cc12b64f2446022e2ab4a9b0b0976bba0f47ea53ea16b6af4ece"},
    {file = "pyarrow-0.16.0-cp37-cp37m-manylinux2014_x86_64.whl", hash = "sha256:890b9a7d6e2c61968ba93e535fc1cf116e66eea2fcc2d6b2503b44e190f3bc47"},
    {file = "pyarrow-0.16.0-cp37-cp37m-win_amd64.whl", hash = "sha256:8d212c2c93706fafff39a71bee3d42dfd1ca393fda31ce5e3a05c620e1886a7f"},
    {file = "pyarrow-0.16.0-cp38-cp38-macosx_10_9_x86_64.whl", hash = "sha256:dcd9347797578b0f65a6fb0cb76f462d5d0d63148f51ac8f9c9b5be9acc3f40e"},
    {file = "pyarrow-0.16.0-cp38-cp38-manylinux1_x86_64.whl", hash = "sha256:ac83d595f9b469bea712ce998270038b08b40794abd7374e4bce2ecf5ee2c1cb"},
    {file = "pyarrow-0.16.0-cp38-cp38-manylinux2010_x86_64.whl", hash = "sha256:fab386e5403cec3f66e1ac1375f3648351f9415f28d7740ee0f813d1fc0a326a"},
    {file = "pyarrow-0.16.0-cp38-cp38-manylinux2014_x86_64.whl", hash = "sha256:5af1cc49225aaf82a3dfbda22e5533d339f540921ea001ba36b0d6d5ad364e2b"},
    {file = "pyarrow-0.16.0-cp38-cp38-win_amd64.whl", hash = "sha256:2ff6e7b0411e3e163cc6465f1ed6a680f0c78b4ff6a4f507d29eb4ed65860557"},
    {file = "pyarrow-0.16.0.tar.gz", hash = "sha256:bb6bb7ba1b6a1c3c94cc0d0068c96df9498c973ad0ae6ca398164d339b704c97"},
]
pycodestyle = [
    {file = "pycodestyle-2.3.1-py2.py3-none-any.whl", hash = "sha256:6c4245ade1edfad79c3446fadfc96b0de2759662dc29d07d80a6f27ad1ca6ba9"},
    {file = "pycodestyle-2.3.1.tar.gz", hash = "sha256:682256a5b318149ca0d2a9185d365d8864a768a28db66a84a2ea946bcc426766"},
]
pyflakes = [
    {file = "pyflakes-1.6.0-py2.py3-none-any.whl", hash = "sha256:08bd6a50edf8cffa9fa09a463063c425ecaaf10d1eb0335a7e8b1401aef89e6f"},
    {file = "pyflakes-1.6.0.tar.gz", hash = "sha256:8d616a382f243dbf19b54743f280b80198be0bca3a5396f1d2e1fca6223e8805"},
]
pyparsing = [
    {file = "pyparsing-3.0.9-py3-none-any.whl", hash = "sha256:5026bae9a10eeaefb61dab2f09052b9f4307d44aee4eda64b309723d8d206bbc"},
    {file = "pyparsing-3.0.9.tar.gz", hash = "sha256:2b020ecf7d21b687f219b71ecad3631f644a47f01403fa1d1036b0c6416d70fb"},
]
pytest = [
    {file = "pytest-4.6.11-py2.py3-none-any.whl", hash = "sha256:a00a7d79cbbdfa9d21e7d0298392a8dd4123316bfac545075e6f8f24c94d8c97"},
    {file = "pytest-4.6.11.tar.gz", hash = "sha256:50fa82392f2120cc3ec2ca0a75ee615be4c479e66669789771f1758332be4353"},
]
pytest-mock = [
    {file = "pytest-mock-2.0.0.tar.gz", hash = "sha256:b35eb281e93aafed138db25c8772b95d3756108b601947f89af503f8c629413f"},
    {file = "pytest_mock-2.0.0-py2.py3-none-any.whl", hash = "sha256:cb67402d87d5f53c579263d37971a164743dc33c159dfb4fb4a86f37c5552307"},
]
python-dateutil = [
    {file = "python-dateutil-2.8.2.tar.gz", hash = "sha256:0123cacc1627ae19ddf3c27a5de5bd67ee4586fbdd6440d9748f8abb483d3e86"},
    {file = "python_dateutil-2.8.2-py2.py3-none-any.whl", hash = "sha256:961d03dc3453ebbc59dbdea9e4e11c5651520a876d0f4db161e8674aae935da9"},
]
pytz = [
    {file = "pytz-2022.2.1-py2.py3-none-any.whl", hash = "sha256:220f481bdafa09c3955dfbdddb7b57780e9a94f5127e35456a48589b9e0c0197"},
    {file = "pytz-2022.2.1.tar.gz", hash = "sha256:cea221417204f2d1a2aa03ddae3e867921971d0d76f14d87abb4414415bbdcf5"},
]
requests = [
    {file = "requests-2.24.0-py2.py3-none-any.whl", hash = "sha256:fe75cc94a9443b9246fc7049224f75604b113c36acb93f87b80ed42c44cbb898"},
    {file = "requests-2.24.0.tar.gz", hash = "sha256:b3559a131db72c33ee969480840fff4bb6dd111de7dd27c8ee1f820f4f00231b"},
]
retry = [
    {file = "retry-0.9.2-py2.py3-none-any.whl", hash = "sha256:ccddf89761fa2c726ab29391837d4327f819ea14d244c232a1d24c67a2f98606"},
    {file = "retry-0.9.2.tar.gz", hash = "sha256:f8bfa8b99b69c4506d6f5bd3b0aabf77f98cdb17f3c9fc3f5ca820033336fba4"},
]
servicex-transformer = [
    {file = "servicex-transformer-1.0.3.tar.gz", hash = "sha256:e637a627340a568fc8918e8c473402aabed7b97e4610ae6f4aa30dd4a3c8e5af"},
    {file = "servicex_transformer-1.0.3-py3-none-any.whl", hash = "sha256:3d773d9a32ffa0f870a9a64a6419d25982dec3bf54e63bad34f4f3ed431441f5"},
]
six = [
    {file = "six-1.16.0-py2.py3-none-any.whl", hash = "sha256:8abb2f1d86890a2dfb989f9a77cfcfd3e47c2a354b01111771326f8aa26e0254"},
    {file = "six-1.16.0.tar.gz", hash = "sha256:1e61c37477a1626458e36f7b1d82aa5c9b094fa4802892072e49de9c60c4c926"},
]
typing-extensions = [
    {file = "typing_extensions-4.3.0-py3-none-any.whl", hash = "sha256:25642c956049920a5aa49edcdd6ab1e06d7e5d467fc00e0506c44ac86fbfca02"},
    {file = "typing_extensions-4.3.0.tar.gz", hash = "sha256:e6d2677a32f47fc7eb2795db1dd15c1f34eff616bcaf2cfb5e997f854fa1c4a6"},
]
uproot = [
    {file = "uproot-3.11.7-py2.py3-none-any.whl", hash = "sha256:058434ff193399de9c5a7ddecde170a9c6f8f31263b0a98af2d893dd28e53585"},
    {file = "uproot-3.11.7.tar.gz", hash = "sha256:3fbf9dfe5ce996ffda3a49d16eba804b95fb05bc041fc4e7bc05317a03bf6cba"},
]
uproot-methods = [
    {file = "uproot-methods-0.9.2.tar.gz", hash = "sha256:9e1b424582f8c48cd18c60bef71c81d1bd19c3f4b0bc34f329458958a65dce35"},
    {file = "uproot_methods-0.9.2-py3-none-any.whl", hash = "sha256:26222b8e369011c92497f6010cdfbf39965781d8be5e09de7c3b899cb4515ae5"},
]
urllib3 = [
    {file = "urllib3-1.25.11-py2.py3-none-any.whl", hash = "sha256:f5321fbe4bf3fefa0efd0bfe7fb14e90909eb62a48ccda331726b4319897dd5e"},
    {file = "urllib3-1.25.11.tar.gz", hash = "sha256:8d7eaa5a82a1cac232164990f04874c594c9453ec55eef02eab885aa02fc17a2"},
]
wcwidth = [
    {file = "wcwidth-0.2.5-py2.py3-none-any.whl", hash = "sha256:beb4802a9cebb9144e99086eff703a642a13d6a0052920003a230f3294bbe784"},
    {file = "wcwidth-0.2.5.tar.gz", hash = "sha256:c4d647b99872929fdb7bdcaa4fbe7f01413ed3d98077df798530e5b04f116c83"},
]
xxhash = [
    {file = "xxhash-1.4.4-cp27-cp27m-macosx_10_6_intel.whl", hash = "sha256:cbd52ee825981a4af0c4136b8daa3586576461d42968e3d175eeaaba61fff45e"},
    {file = "xxhash-1.4.4-cp27-cp27m-manylinux1_i686.whl", hash = "sha256:a59339e3c0fb90dbdfb160647e93c951fa7bc5e18a7b57e6f225a78053897f13"},
    {file = "xxhash-1.4.4-cp27-cp27m-manylinux1_x86_64.whl", hash = "sha256:1dabed0e0e45178247ea797bea84bb5e2b988d8e10e48ad191af63a3ee699790"},
    {file = "xxhash-1.4.4-cp27-cp27m-manylinux2010_i686.whl", hash = "sha256:a707f6eef957fcc6305d0e9d2fa59ce38e2a8f815d22a0edfeb3806bf587d4cf"},
    {file = "xxhash-1.4.4-cp27-cp27m-manylinux2010_x86_64.whl", hash = "sha256:6f861e6c2ce6df10f575d4ae54f7328b8cc1ed33ac8612bdcd188ca0e91646dc"},
    {file = "xxhash-1.4.4-cp27-cp27m-win32.whl", hash = "sha256:39ddc2210159695275f47e816b04ae2ed343d379bffb4b012278fe1eade4d47e"},
    {file = "xxhash-1.4.4-cp27-cp27m-win_amd64.whl", hash = "sha256:5ecb316e63b6e16d22b578c699829bcf0fbaf149365f9753733cb9a53ebc85c6"},
    {file = "xxhash-1.4.4-cp27-cp27mu-manylinux1_i686.whl", hash = "sha256:f2e24063187e1d87e8ffedbd941f136a627bc18a801234595b65028bd76f28f4"},
    {file = "xxhash-1.4.4-cp27-cp27mu-manylinux1_x86_64.whl", hash = "sha256:5098f5550a6a1ed4b41ecf0ca613b23c10647feba99dfb6c75dfb59baa41a7b2"},
    {file = "xxhash-1.4.4-cp27-cp27mu-manylinux2010_i686.whl", hash = "sha256:7fb6c82ac4c4ddef7b142e7f59e00b02449e4749a58659e920132e16b51ca899"},
    {file = "xxhash-1.4.4-cp27-cp27mu-manylinux2010_x86_64.whl", hash = "sha256:19ebe273b0f50e4bfb55d30a59c8f87a3c8160aa3b42d075c2cce806428eef07"},
    {file = "xxhash-1.4.4-cp35-cp35m-macosx_10_6_intel.whl", hash = "sha256:4a9a436c9ce2e8a59133a7b95ec92c88618fb8afdf9c2ad64c4cdb4ad17acb32"},
    {file = "xxhash-1.4.4-cp35-cp35m-manylinux1_i686.whl", hash = "sha256:7e9f12ee22e09cb25ccdec4658f7fb576931c310c7afa98911ab6254e1a0b3ea"},
    {file = "xxhash-1.4.4-cp35-cp35m-manylinux1_x86_64.whl", hash = "sha256:ae9e6dabef8a8e25a6473d49078e453cb3da449bd27b2bbbe2d99821b8656498"},
    {file = "xxhash-1.4.4-cp35-cp35m-manylinux2010_i686.whl", hash = "sha256:4dc2bbf722b05c7e6cc135a46044eebd58c123b7c7f06fef2bd673bdd810c2ff"},
    {file = "xxhash-1.4.4-cp35-cp35m-manylinux2010_x86_64.whl", hash = "sha256:c6fe4008526a8fa833ef89fb2eea8073c06aaea1e2fba3c6356db5d23ab9bb05"},
    {file = "xxhash-1.4.4-cp35-cp35m-manylinux2014_aarch64.whl", hash = "sha256:69544fc19c42d8436274fc8f2e9fe43a8792585e6b9659f2b4e2d64a6803c29c"},
    {file = "xxhash-1.4.4-cp35-cp35m-win32.whl", hash = "sha256:44d2e46d3a67d00587f8b41cfc816bcc3bf29f80f7f584958ee95c49bbdb2da1"},
    {file = "xxhash-1.4.4-cp35-cp35m-win_amd64.whl", hash = "sha256:b6f6d54a07e45034eab74e8986b7b5adeb883440217e73f8697c5b3eb1e78586"},
    {file = "xxhash-1.4.4-cp36-cp36m-macosx_10_6_intel.whl", hash = "sha256:6ddaff69778872d8ea378e7f62279da36233b4d0099aa9de4ced1d6e06381270"},
    {file = "xxhash-1.4.4-cp36-cp36m-manylinux1_i686.whl", hash = "sha256:a3c0ec5a448e9007b4360f91ef0c443734660ffa92b5c3bcd86139ac16f7666d"},
    {file = "xxhash-1.4.4-cp36-cp36m-manylinux1_x86_64.whl", hash = "sha256:b78d9f9f2f56698b5111a9b3e7b1467821b17f6d4e7c1002f270ad221fddcaac"},
    {file = "xxhash-1.4.4-cp36-cp36m-manylinux2010_i686.whl", hash = "sha256:0ca2e6a729ef3ce66759aa5259171dce94426c39b572f3814734b52d5005b1c6"},
    {file = "xxhash-1.4.4-cp36-cp36m-manylinux2010_x86_64.whl", hash = "sha256:3b4e8f7ff5da774f8016cc5e47bd019e5c01b3734e4fd23b3ec3016fc33d4842"},
    {file = "xxhash-1.4.4-cp36-cp36m-manylinux2014_aarch64.whl", hash = "sha256:aa888c1d38810bd4be24698588244327951ef04e7958f01ab6a7f23b7e8432e8"},
    {file = "xxhash-1.4.4-cp36-cp36m-win32.whl", hash = "sha256:0de8d7159d92d7289c8ed008027177dd2559d689b0a4041eee1100a0c6ddcd10"},
    {file = "xxhash-1.4.4-cp36-cp36m-win_amd64.whl", hash = "sha256:af16d7a474e6bb2a20822b314190667005899d53bd7358e1d52eed5167d82efc"},
    {file = "xxhash-1.4.4-cp37-cp37m-macosx_10_6_intel.whl", hash = "sha256:63669092361961b86658c849c03c3231a2afe765a7842348a61996bd47d3087a"},
    {file = "xxhash-1.4.4-cp37-cp37m-manylinux1_i686.whl", hash = "sha256:2594670a5b95e71fd4726ccdb449c64ccf56d73197267229c70593ab7b01d7b5"},
    {file = "xxhash-1.4.4-cp37-cp37m-manylinux1_x86_64.whl", hash = "sha256:0bada61df83fd308ce2876a15843b599df057d3e4a1927328dfcac2908375ccd"},
    {file = "xxhash-1.4.4-cp37-cp37m-manylinux2010_i686.whl", hash = "sha256:55e564fc0cb088cbb642062037c0ca432b8243f38d562162d186cf6959cfc4c8"},
    {file = "xxhash-1.4.4-cp37-cp37m-manylinux2010_x86_64.whl", hash = "sha256:09118cea99cfe1499a62c367ac529c8dc90571051eaa137b0464a58a4bf5f65d"},
    {file = "xxhash-1.4.4-cp37-cp37m-manylinux2014_aarch64.whl", hash = "sha256:8d2497bf52cb5c128404c95c0d2d82090162cc372a3c49dc9fee91f4c597821f"},
    {file = "xxhash-1.4.4-cp37-cp37m-win32.whl", hash = "sha256:6aff4aabd5a8832366f79dc9f4001116a4e286e9f7cfc8d26109e1dff0a3f9e1"},
    {file = "xxhash-1.4.4-cp37-cp37m-win_amd64.whl", hash = "sha256:a33c540761fbef559cd589bf83b9326f1147132ada813f8f241f75b99b8aadbc"},
    {file = "xxhash-1.4.4-cp38-cp38-macosx_10_9_x86_64.whl", hash = "sha256:c5e7dedd887e8b0b5e79062c0904185841bd334fe30462a65b0456a020940d55"},
    {file = "xxhash-1.4.4-cp38-cp38-manylinux1_i686.whl", hash = "sha256:de2bef16c9aa2c01d7d700f7c530c3e7aa6262ff5594d2bf79eb8d7973d08cf3"},
    {file = "xxhash-1.4.4-cp38-cp38-manylinux1_x86_64.whl", hash = "sha256:1b923d381abfd750ae89b8cf50cb374dd83f9373f70af3fb08065fd88bc0631e"},
    {file = "xxhash-1.4.4-cp38-cp38-manylinux2010_i686.whl", hash = "sha256:fb5bfc1961eb546c2a43311084da46b89b647e66a108018b81548622402bd291"},
    {file = "xxhash-1.4.4-cp38-cp38-manylinux2010_x86_64.whl", hash = "sha256:394ab8316f7fb610ee2b844611daacf72b95b944ec37b627a2ce198400cb1b99"},
    {file = "xxhash-1.4.4-cp38-cp38-manylinux2014_aarch64.whl", hash = "sha256:b4341623c859919100d7dde47eaf452a11b10cc35ebe489029f521be16819367"},
    {file = "xxhash-1.4.4-cp38-cp38-win32.whl", hash = "sha256:407bb4180fc808c0a5aa67b980ae265c304da4a7ac114a3572772e39ba9d5c9f"},
    {file = "xxhash-1.4.4-cp38-cp38-win_amd64.whl", hash = "sha256:c757e0bd2dc775322b180bc29eead0d2a845a80079eb2153fc97afe322353bd7"},
    {file = "xxhash-1.4.4-pp27-pypy_73-manylinux1_x86_64.whl", hash = "sha256:1697f30ab1766366efbdc1bebc20be0c737014c51b7617b08a649b076957b5ee"},
    {file = "xxhash-1.4.4-pp27-pypy_73-manylinux2010_x86_64.whl", hash = "sha256:553c0db59468290aaad4e3f4964f5e42fe61abd24ffe81529f87fc4e215f72ba"},
    {file = "xxhash-1.4.4-pp36-pypy36_pp73-manylinux1_x86_64.whl", hash = "sha256:26ff6c985b67771fa36c2417d8e834194d9f09574fcbaf1c2ca8ad9ebc57f687"},
    {file = "xxhash-1.4.4-pp36-pypy36_pp73-manylinux2010_x86_64.whl", hash = "sha256:ffec78440eb424eb95a92283e7193d3b75aa27734196a38fadd36d9d8226d6a7"},
    {file = "xxhash-1.4.4.tar.gz", hash = "sha256:7d6df9d217977d085b8abd74b61efa40405ac416f2d8bdacc40826bd5cb1b746"},
]
zipp = [
    {file = "zipp-3.8.1-py3-none-any.whl", hash = "sha256:47c40d7fe183a6f21403a199b3e4192cca5774656965b0a4988ad2f8feb5f009"},
    {file = "zipp-3.8.1.tar.gz", hash = "sha256:05b45f1ee8f807d0cc928485ca40a07cb491cf092ff587c0df9cb1fd154848d2"},
]
