[[package]]
name = "aniso8601"
version = "9.0.1"
description = "A library for parsing ISO 8601 strings."
category = "main"
optional = false
python-versions = "*"

[package.extras]
dev = ["black", "coverage", "isort", "pre-commit", "pyenchant", "pylint"]

[[package]]
name = "awkward"
version = "1.10.1"
description = "Manipulate JSON-like data with NumPy-like idioms."
category = "main"
optional = false
python-versions = ">=3.7"

[package.dependencies]
numpy = ">=1.13.1"
packaging = "*"

[package.extras]
all = ["PyYAML", "autograd", "awkward-cuda-kernels (==1.10.1)", "flake8", "fsspec", "jax (>=0.2.7)", "jaxlib (>=0.1.57,!=0.1.68)", "numba (>=0.50.0)", "numexpr", "pandas (>=0.24.0)", "pyarrow (>=7.0.0)", "pytest (>=6)", "pytest-cov"]
cuda = ["awkward-cuda-kernels (==1.10.1)"]
dev = ["PyYAML", "autograd", "flake8", "fsspec", "jax (>=0.2.7)", "jaxlib (>=0.1.57,!=0.1.68)", "numba (>=0.50.0)", "numexpr", "pandas (>=0.24.0)", "pyarrow (>=7.0.0)"]
test = ["pytest (>=6)", "pytest-cov"]

[[package]]
name = "click"
version = "8.1.3"
description = "Composable command line interface toolkit"
category = "main"
optional = false
python-versions = ">=3.7"

[package.dependencies]
colorama = {version = "*", markers = "platform_system == \"Windows\""}

[[package]]
name = "colorama"
version = "0.4.6"
description = "Cross-platform colored terminal text."
category = "main"
optional = false
python-versions = "!=3.0.*,!=3.1.*,!=3.2.*,!=3.3.*,!=3.4.*,!=3.5.*,!=3.6.*,>=2.7"

[[package]]
name = "flask"
version = "1.1.2"
description = "A simple framework for building complex web applications."
category = "main"
optional = false
python-versions = ">=2.7, !=3.0.*, !=3.1.*, !=3.2.*, !=3.3.*, !=3.4.*"

[package.dependencies]
click = ">=5.1"
itsdangerous = ">=0.24"
Jinja2 = ">=2.10.1"
Werkzeug = ">=0.15"

[package.extras]
dev = ["coverage", "pallets-sphinx-themes", "pytest", "sphinx", "sphinx-issues", "sphinxcontrib-log-cabinet", "tox"]
docs = ["pallets-sphinx-themes", "sphinx", "sphinx-issues", "sphinxcontrib-log-cabinet"]
dotenv = ["python-dotenv"]

[[package]]
name = "flask-restful"
version = "0.3.8"
description = "Simple framework for creating REST APIs"
category = "main"
optional = false
python-versions = "*"

[package.dependencies]
aniso8601 = ">=0.82"
Flask = ">=0.8"
pytz = "*"
six = ">=1.3.0"

[package.extras]
docs = ["sphinx"]

[[package]]
name = "flask-wtf"
version = "0.14.3"
description = "Simple integration of Flask and WTForms."
category = "main"
optional = false
python-versions = "*"

[package.dependencies]
Flask = "*"
itsdangerous = "*"
WTForms = "*"

[[package]]
name = "func-adl"
version = "2.3.1"
description = "Functional Analysis Description Language Base Package"
category = "main"
optional = false
python-versions = ">=3.6, <3.11"

[package.dependencies]
make-it-sync = "*"

[package.extras]
complete = ["coverage", "flake8", "pytest", "pytest-cov", "twine"]
develop = ["coverage", "flake8", "pytest", "pytest-cov", "twine"]

[[package]]
name = "func-adl-ast"
version = "2.3.1"
description = "Functional Analysis Description Language - Backend AST Manipulation Packages"
category = "main"
optional = false
python-versions = ">=3.6, <3.11"

[package.dependencies]
func-adl = "2.3.1"

[package.extras]
complete = ["coverage", "flake8", "pytest", "pytest-cov", "twine"]
develop = ["coverage", "flake8", "pytest", "pytest-cov", "twine"]

[[package]]
name = "func-adl-uproot"
version = "1.9.0"
description = "Functional Analysis Description Language uproot backend for accessing flat ROOT ntuples"
category = "main"
optional = false
python-versions = ">=3.6, <3.11"

[package.dependencies]
awkward = ">=1.2"
func-adl = ">=2.2.1"
numpy = "*"
qastle = ">=0.15.0"
uproot = ">=4.1.3"
vector = "*"

[package.extras]
test = ["flake8", "pytest", "pytest-cov"]

[[package]]
name = "itsdangerous"
version = "2.0.1"
description = "Safely pass data to untrusted environments and back."
category = "main"
optional = false
python-versions = ">=3.6"

[[package]]
name = "jinja2"
version = "3.0.3"
description = "A very fast and expressive template engine."
category = "main"
optional = false
python-versions = ">=3.6"

[package.dependencies]
MarkupSafe = ">=2.0"

[package.extras]
i18n = ["Babel (>=2.7)"]

[[package]]
name = "lark-parser"
version = "0.12.0"
description = "a modern parsing library"
category = "main"
optional = false
python-versions = "*"

[package.extras]
atomic-cache = ["atomicwrites"]
nearley = ["js2py"]
regex = ["regex"]

[[package]]
name = "make-it-sync"
version = "1.0.0"
description = "Create a sync version of an async function"
category = "main"
optional = false
python-versions = ">=3.6"

[package.extras]
test = ["autopep8", "codecov", "coverage", "flake8", "pytest (>=3.9)", "pytest-asyncio", "pytest-cov", "pytest-mock", "twine", "wheel"]

[[package]]
name = "markupsafe"
version = "2.1.1"
description = "Safely add untrusted strings to HTML/XML markup."
category = "main"
optional = false
python-versions = ">=3.7"

[[package]]
name = "numpy"
version = "1.23.4"
description = "NumPy is the fundamental package for array computing with Python."
category = "main"
optional = false
python-versions = ">=3.8"

[[package]]
name = "packaging"
version = "21.3"
description = "Core utilities for Python packages"
category = "main"
optional = false
python-versions = ">=3.6"

[package.dependencies]
pyparsing = ">=2.0.2,<3.0.5 || >3.0.5"

[[package]]
name = "pyparsing"
version = "3.0.9"
description = "pyparsing module - Classes and methods to define and execute parsing grammars"
category = "main"
optional = false
python-versions = ">=3.6.8"

[package.extras]
diagrams = ["jinja2", "railroad-diagrams"]

[[package]]
name = "pytz"
version = "2022.5"
description = "World timezone definitions, modern and historical"
category = "main"
optional = false
python-versions = "*"

[[package]]
name = "qastle"
version = "0.15.0"
description = "Query AST Language Expressions"
category = "main"
optional = false
python-versions = ">=2.7, !=3.0.*, !=3.1.*, !=3.2.*, !=3.3.*, !=3.4.*, !=3.5.*, <3.11"

[package.dependencies]
lark-parser = ">=0.6.5"

[package.extras]
test = ["flake8", "pytest", "pytest-cov"]

[[package]]
name = "servicex-code-gen-lib"
version = "1.0.0"
description = "Library for creating ServiceX Code Generators"
category = "main"
optional = false
python-versions = ">=3.7, <3.11"

[package.dependencies]
Flask = "1.1.2"
Flask-RESTful = "0.3.8"
Flask-WTF = "0.14.3"
itsdangerous = "2.0.1"
jinja2 = "3.0.3"
werkzeug = "2.0.3"

[package.extras]
test = ["autopep8", "black", "codecov", "coverage", "flake8", "pytest (>=3.9)", "pytest-cov", "pytest-mock", "twine"]

[[package]]
name = "setuptools"
version = "65.5.0"
description = "Easily download, build, install, upgrade, and uninstall Python packages"
category = "main"
optional = false
python-versions = ">=3.7"

[package.extras]
docs = ["furo", "jaraco.packaging (>=9)", "jaraco.tidelift (>=1.4)", "pygments-github-lexers (==0.0.5)", "rst.linker (>=1.9)", "sphinx (>=3.5)", "sphinx-favicon", "sphinx-hoverxref (<2)", "sphinx-inline-tabs", "sphinx-notfound-page (==0.8.3)", "sphinx-reredirects", "sphinxcontrib-towncrier"]
testing = ["build[virtualenv]", "filelock (>=3.4.0)", "flake8 (<5)", "flake8-2020", "ini2toml[lite] (>=0.9)", "jaraco.envs (>=2.2)", "jaraco.path (>=3.2.0)", "mock", "pip (>=19.1)", "pip-run (>=8.8)", "pytest (>=6)", "pytest-black (>=0.3.7)", "pytest-checkdocs (>=2.4)", "pytest-cov", "pytest-enabler (>=1.3)", "pytest-flake8", "pytest-mypy (>=0.9.1)", "pytest-perf", "pytest-xdist", "tomli-w (>=1.0.0)", "virtualenv (>=13.0.0)", "wheel"]
testing-integration = ["build[virtualenv]", "filelock (>=3.4.0)", "jaraco.envs (>=2.2)", "jaraco.path (>=3.2.0)", "pytest", "pytest-enabler", "pytest-xdist", "tomli", "virtualenv (>=13.0.0)", "wheel"]

[[package]]
name = "six"
version = "1.16.0"
description = "Python 2 and 3 compatibility utilities"
category = "main"
optional = false
python-versions = ">=2.7, !=3.0.*, !=3.1.*, !=3.2.*"

[[package]]
name = "uproot"
version = "4.3.7"
description = "ROOT I/O in pure Python and NumPy."
category = "main"
optional = false
python-versions = ">=3.6"

[package.dependencies]
numpy = "*"
setuptools = "*"

[package.extras]
all = ["awkward (>=1.0.0,<2)", "boost-histogram (>=0.13)", "dask[array]", "flake8", "flake8-print (>=5)", "hist (>=1.2)", "lz4", "pandas", "pytest (>=4.6)", "requests", "scikit-hep-testdata", "xxhash"]
dev = ["awkward (>=1.0.0,<2)", "boost-histogram (>=0.13)", "hist (>=1.2)", "pandas"]
test = ["dask[array]", "flake8", "flake8-print (>=5)", "lz4", "pytest (>=4.6)", "requests", "scikit-hep-testdata", "xxhash"]

[[package]]
name = "vector"
version = "0.10.0"
description = "Vector classes and utilities"
category = "main"
optional = false
python-versions = ">=3.7"

[package.dependencies]
numpy = ">=1.13.3"
packaging = ">=19"

[package.extras]
awkward = ["awkward (>=1.2)"]
dev = ["awkward (>=1.2)", "numba (>=0.50)", "pytest (>=6)", "pytest-cov (>=3)", "xdoctest (>=1)"]
docs = ["awkward (>=1.2)", "ipykernel", "myst-parser (>0.13)", "nbsphinx", "sphinx (>=4)", "sphinx-book-theme (>=0.0.42)", "sphinx-copybutton", "sphinx-math-dollar"]
test = ["pytest (>=6)", "pytest-cov (>=3)", "xdoctest (>=1)"]
test-extras = ["spark-parser", "uncompyle6"]

[[package]]
name = "werkzeug"
version = "2.0.3"
description = "The comprehensive WSGI web application library."
category = "main"
optional = false
python-versions = ">=3.6"

[package.extras]
watchdog = ["watchdog"]

[[package]]
name = "wtforms"
version = "3.0.1"
description = "Form validation and rendering for Python web development."
category = "main"
optional = false
python-versions = ">=3.7"

[package.dependencies]
MarkupSafe = "*"

[package.extras]
email = ["email-validator"]

[metadata]
lock-version = "1.1"
python-versions = "~3.10"
content-hash = "42d1fb6efa354f1ae373b476d473610dab6e487b411b9e2bb7b68e7510d586aa"

[metadata.files]
aniso8601 = [
    {file = "aniso8601-9.0.1-py2.py3-none-any.whl", hash = "sha256:1d2b7ef82963909e93c4f24ce48d4de9e66009a21bf1c1e1c85bdd0812fe412f"},
    {file = "aniso8601-9.0.1.tar.gz", hash = "sha256:72e3117667eedf66951bb2d93f4296a56b94b078a8a95905a052611fb3f1b973"},
]
awkward = [
    {file = "awkward-1.10.1-cp310-cp310-macosx_10_9_universal2.whl", hash = "sha256:fdb2692418ccb9b415914416b46cc1dbe9a91f2bf0897a804d18ddc7b9248ac1"},
    {file = "awkward-1.10.1-cp310-cp310-macosx_10_9_x86_64.whl", hash = "sha256:62c910db4c8330f58d14fad22e35aee79c4a9ed1709eb76b69cbbd529f62a18e"},
    {file = "awkward-1.10.1-cp310-cp310-manylinux_2_17_aarch64.manylinux2014_aarch64.whl", hash = "sha256:ec863b5e41b227d196e765e59888015d09e52cd3544d476ceb2e690314516d31"},
    {file = "awkward-1.10.1-cp310-cp310-manylinux_2_17_x86_64.manylinux2014_x86_64.whl", hash = "sha256:c7d5d71527a15e7e93ec61d079ac3b7308c18b1fc516a69a5160fb93f66848d0"},
    {file = "awkward-1.10.1-cp310-cp310-musllinux_1_1_aarch64.whl", hash = "sha256:112e9c9e8dddaf3c3916db56ca99b3215b388bcc01adf5a59b82d99b0d9edf7d"},
    {file = "awkward-1.10.1-cp310-cp310-musllinux_1_1_x86_64.whl", hash = "sha256:93e07a4a4fc0ed90e1ba12123d6042eed6a2742fb9565405a674a9763c0ad27e"},
    {file = "awkward-1.10.1-cp310-cp310-win_amd64.whl", hash = "sha256:e7098af3a9387ed77414bc123ec10903f43c0f55ef454fdf624ad88af7fbab8c"},
    {file = "awkward-1.10.1-cp311-cp311-macosx_10_9_universal2.whl", hash = "sha256:3fa7b0bd01e21e772a17b37daee7c2637c7fcefe74729a082cd3614bac59e2c0"},
    {file = "awkward-1.10.1-cp311-cp311-macosx_10_9_x86_64.whl", hash = "sha256:3268545a4195557dd82073d4b562de30dc076e5a370d1cca9b1e93c42ae6d05f"},
    {file = "awkward-1.10.1-cp311-cp311-manylinux_2_17_aarch64.manylinux2014_aarch64.whl", hash = "sha256:1d9d4eed8fe636477f60580b42ef9cac5a1d44a2c1ca8401e874fe56eaddac0f"},
    {file = "awkward-1.10.1-cp311-cp311-manylinux_2_17_x86_64.manylinux2014_x86_64.whl", hash = "sha256:1d054e3edc20987507fef0d9e2fbf221b21f384b2f7b3921fe6e3b0d32054df2"},
    {file = "awkward-1.10.1-cp311-cp311-musllinux_1_1_aarch64.whl", hash = "sha256:554b03e7787e79919af9d68d457fa99ebae6a66e4745c4b3dc06cfc0c090b02a"},
    {file = "awkward-1.10.1-cp311-cp311-musllinux_1_1_x86_64.whl", hash = "sha256:2526dbda27d895be49c53a93be54545075870b8d83fdf1ebe1c0839eeef11990"},
    {file = "awkward-1.10.1-cp311-cp311-win_amd64.whl", hash = "sha256:1ffec27e0889080f686a6ab3fa06de753c2e91d732cfae56c13d1bc25f7e4fcd"},
    {file = "awkward-1.10.1-cp37-cp37m-macosx_10_9_x86_64.whl", hash = "sha256:1f430dbfa4e509da379ec165006c44e4e05334df051cf6b0df16a953909c0bc1"},
    {file = "awkward-1.10.1-cp37-cp37m-manylinux_2_17_aarch64.manylinux2014_aarch64.whl", hash = "sha256:531c870ee7da426809ff8f69d169a2c37a15c645a8232b13384c9b1dd52fa321"},
    {file = "awkward-1.10.1-cp37-cp37m-manylinux_2_17_x86_64.manylinux2014_x86_64.whl", hash = "sha256:3d1fb56085e19a396f82cef869fc0c7a79d93a6e14efd6b924a62e2f79548c98"},
    {file = "awkward-1.10.1-cp37-cp37m-musllinux_1_1_aarch64.whl", hash = "sha256:4de2d3ec1e9753c2c3d7f82d2f8673efeb31f6d6479ef1aeeca9819f04859e1f"},
    {file = "awkward-1.10.1-cp37-cp37m-musllinux_1_1_x86_64.whl", hash = "sha256:54d5ef172d10ee8d645d911577c17716a1992cadba54c00a53f7271b3e095794"},
    {file = "awkward-1.10.1-cp37-cp37m-win32.whl", hash = "sha256:394761e94560a34488aaf1bf2014913f2181f8088e7e52e63193bce2f955c593"},
    {file = "awkward-1.10.1-cp37-cp37m-win_amd64.whl", hash = "sha256:b0de180b0dc6f53ce8f3a8386a650abddf45928decf3b9c9cfdcbc2b9ef35b2b"},
    {file = "awkward-1.10.1-cp38-cp38-macosx_10_9_universal2.whl", hash = "sha256:25f551d52e866d2162c66831d9d9347643a10246f518b7ff8ae9c9a002c02dd4"},
    {file = "awkward-1.10.1-cp38-cp38-macosx_10_9_x86_64.whl", hash = "sha256:dfb5e5026cadb8b16d783eeaf4bc5310423e113c97291bcef6a61577aea2d7fe"},
    {file = "awkward-1.10.1-cp38-cp38-manylinux_2_17_aarch64.manylinux2014_aarch64.whl", hash = "sha256:4b56802a1fff69c12d8185bb9f5e4342a4c618e1865918388851745fa07c769b"},
    {file = "awkward-1.10.1-cp38-cp38-manylinux_2_17_x86_64.manylinux2014_x86_64.whl", hash = "sha256:0a9b0f62a15148419c938e04b8d037e404592016a6a9c3bbfd6365c05c4d3553"},
    {file = "awkward-1.10.1-cp38-cp38-musllinux_1_1_aarch64.whl", hash = "sha256:c6dc939c60f0ea4eddc82b2e95204fb258d8a1588b26e1a632b094a04e2c918f"},
    {file = "awkward-1.10.1-cp38-cp38-musllinux_1_1_x86_64.whl", hash = "sha256:3d0053d410a71102d69bf0cfa01abc848be510425ab97ab4b091300460cbe291"},
    {file = "awkward-1.10.1-cp38-cp38-win32.whl", hash = "sha256:2c261698e0578edc9615a914fe8da1ceb7eb4c4dc627366b716eb0f7b183f0ea"},
    {file = "awkward-1.10.1-cp38-cp38-win_amd64.whl", hash = "sha256:267d6b0444a47efbf87870a6dc9026206a4f397b8ab01c2048349eacc18ef020"},
    {file = "awkward-1.10.1-cp39-cp39-macosx_10_9_universal2.whl", hash = "sha256:b8c065a1e65826946a51d76c6e2d997725a56b7e9c215f657b13d5c03e9ebbb0"},
    {file = "awkward-1.10.1-cp39-cp39-macosx_10_9_x86_64.whl", hash = "sha256:9482310f90b73d0db9d162f08f0eab48beeaea4c44f732af5b5b8a28d1cf71c6"},
    {file = "awkward-1.10.1-cp39-cp39-manylinux_2_17_aarch64.manylinux2014_aarch64.whl", hash = "sha256:219a59f51bbd10caad2c9204a7b82a3a7b665061784a7389a8e9204943f6cb21"},
    {file = "awkward-1.10.1-cp39-cp39-manylinux_2_17_x86_64.manylinux2014_x86_64.whl", hash = "sha256:9c2a6003b2e04acaa112f82cd8a4ee008b987a8153d1e951b10ce0c0213a82a7"},
    {file = "awkward-1.10.1-cp39-cp39-musllinux_1_1_aarch64.whl", hash = "sha256:ba74ed94509de546c8c9f3726c3e8a9d5ab23cb9fc099f737051c74b79aa64eb"},
    {file = "awkward-1.10.1-cp39-cp39-musllinux_1_1_x86_64.whl", hash = "sha256:2a4eb065d3758e4968c6386fa4324ed5923337325582b84d5687f748586aa2df"},
    {file = "awkward-1.10.1-cp39-cp39-win32.whl", hash = "sha256:297c36953d591f254741a8248063fbeb6d9d83bbf159f2fd5985b9fc827412a9"},
    {file = "awkward-1.10.1-cp39-cp39-win_amd64.whl", hash = "sha256:71d00818839e75611953f06ace7b420d0cfee64286bd4fd67f38081c74f3ff21"},
    {file = "awkward-1.10.1-pp37-pypy37_pp73-macosx_10_9_x86_64.whl", hash = "sha256:573204b8e5cf92888fb9b48b2842ae0bc9a025c7d17e7ec2ba77b52bf8d782e7"},
    {file = "awkward-1.10.1-pp37-pypy37_pp73-manylinux_2_17_x86_64.manylinux2014_x86_64.whl", hash = "sha256:1887db0a8dad949ddfffa921c6731e3af31b1692a62a5b364375d589772d2709"},
    {file = "awkward-1.10.1-pp38-pypy38_pp73-macosx_10_9_x86_64.whl", hash = "sha256:58a91bed96a07a33803346c9d7353515edd475c6c45a087f8fedc95b7f9c0a6f"},
    {file = "awkward-1.10.1-pp38-pypy38_pp73-manylinux_2_17_x86_64.manylinux2014_x86_64.whl", hash = "sha256:1d639e5bbb27373ec754a797ebf42c889e8a2159800fb5204f5ba2f6e86790e5"},
    {file = "awkward-1.10.1-pp39-pypy39_pp73-macosx_10_9_x86_64.whl", hash = "sha256:bac05ae845488c7e1d99dea998ffd0094aa021f1fd09a8af32cd4cad683929be"},
    {file = "awkward-1.10.1-pp39-pypy39_pp73-manylinux_2_17_x86_64.manylinux2014_x86_64.whl", hash = "sha256:33f2cde98e14ccbea37b29c34630bd34d74d19e8432a21b689005ec0a24b586a"},
    {file = "awkward-1.10.1.tar.gz", hash = "sha256:c6394ed25fb14a086d63621d9d84fdc228f5d42a64586f215731b36fde17034b"},
]
click = [
    {file = "click-8.1.3-py3-none-any.whl", hash = "sha256:bb4d8133cb15a609f44e8213d9b391b0809795062913b383c62be0ee95b1db48"},
    {file = "click-8.1.3.tar.gz", hash = "sha256:7682dc8afb30297001674575ea00d1814d808d6a36af415a82bd481d37ba7b8e"},
]
colorama = [
    {file = "colorama-0.4.6-py2.py3-none-any.whl", hash = "sha256:4f1d9991f5acc0ca119f9d443620b77f9d6b33703e51011c16baf57afb285fc6"},
    {file = "colorama-0.4.6.tar.gz", hash = "sha256:08695f5cb7ed6e0531a20572697297273c47b8cae5a63ffc6d6ed5c201be6e44"},
]
flask = [
    {file = "Flask-1.1.2-py2.py3-none-any.whl", hash = "sha256:8a4fdd8936eba2512e9c85df320a37e694c93945b33ef33c89946a340a238557"},
    {file = "Flask-1.1.2.tar.gz", hash = "sha256:4efa1ae2d7c9865af48986de8aeb8504bf32c7f3d6fdc9353d34b21f4b127060"},
]
flask-restful = [
    {file = "Flask-RESTful-0.3.8.tar.gz", hash = "sha256:5ea9a5991abf2cb69b4aac19793faac6c032300505b325687d7c305ffaa76915"},
    {file = "Flask_RESTful-0.3.8-py2.py3-none-any.whl", hash = "sha256:d891118b951921f1cec80cabb4db98ea6058a35e6404788f9e70d5b243813ec2"},
]
flask-wtf = [
    {file = "Flask-WTF-0.14.3.tar.gz", hash = "sha256:d417e3a0008b5ba583da1763e4db0f55a1269d9dd91dcc3eb3c026d3c5dbd720"},
    {file = "Flask_WTF-0.14.3-py2.py3-none-any.whl", hash = "sha256:57b3faf6fe5d6168bda0c36b0df1d05770f8e205e18332d0376ddb954d17aef2"},
]
func-adl = [
    {file = "func_adl-2.3.1-py3-none-any.whl", hash = "sha256:6cc66579284ee6391af65526c52b1fae47e934be49c6e613e80bdb631401e06d"},
    {file = "func_adl-2.3.1.tar.gz", hash = "sha256:e660fea716a81fcdd9e28880c9514c3270af966ee0b315b7d48d8852d786f28b"},
]
func-adl-ast = [
    {file = "func_adl.ast-2.3.1-py3-none-any.whl", hash = "sha256:6c25fc082e3c0df6d347367d52dd7d11ea53793e48a534cd7c1314cf198d468d"},
    {file = "func_adl.ast-2.3.1.tar.gz", hash = "sha256:6f9a1e79ed7d53c6af303bc398fe423e52fcab1fff482803151c633533d5c396"},
]
func-adl-uproot = [
    {file = "func_adl_uproot-1.9.0-py3-none-any.whl", hash = "sha256:15e03689a5aa638d19d409d712be369bc43965c8bb82909f88d436cd475c6e77"},
    {file = "func_adl_uproot-1.9.0.tar.gz", hash = "sha256:c27c44f37cd3218e77a202d65398881245c812e16ee777078f2fb2b382eb19c7"},
]
itsdangerous = [
    {file = "itsdangerous-2.0.1-py3-none-any.whl", hash = "sha256:5174094b9637652bdb841a3029700391451bd092ba3db90600dea710ba28e97c"},
    {file = "itsdangerous-2.0.1.tar.gz", hash = "sha256:9e724d68fc22902a1435351f84c3fb8623f303fffcc566a4cb952df8c572cff0"},
]
jinja2 = [
    {file = "Jinja2-3.0.3-py3-none-any.whl", hash = "sha256:077ce6014f7b40d03b47d1f1ca4b0fc8328a692bd284016f806ed0eaca390ad8"},
    {file = "Jinja2-3.0.3.tar.gz", hash = "sha256:611bb273cd68f3b993fabdc4064fc858c5b47a973cb5aa7999ec1ba405c87cd7"},
]
lark-parser = [
    {file = "lark-parser-0.12.0.tar.gz", hash = "sha256:15967db1f1214013dca65b1180745047b9be457d73da224fcda3d9dd4e96a138"},
    {file = "lark_parser-0.12.0-py2.py3-none-any.whl", hash = "sha256:0eaf30cb5ba787fe404d73a7d6e61df97b21d5a63ac26c5008c78a494373c675"},
]
make-it-sync = [
    {file = "make-it-sync-1.0.0.tar.gz", hash = "sha256:26f5dd7d066295d14eee934326228f9d05cc42267c795e0f35a8966ba54b8b4c"},
    {file = "make_it_sync-1.0.0-py3-none-any.whl", hash = "sha256:e06808ce449f765b0f86a2badc2bbe72a3f6a3d4793472b2b8c221bbdba66511"},
]
markupsafe = [
    {file = "MarkupSafe-2.1.1-cp310-cp310-macosx_10_9_universal2.whl", hash = "sha256:86b1f75c4e7c2ac2ccdaec2b9022845dbb81880ca318bb7a0a01fbf7813e3812"},
    {file = "MarkupSafe-2.1.1-cp310-cp310-macosx_10_9_x86_64.whl", hash = "sha256:f121a1420d4e173a5d96e47e9a0c0dcff965afdf1626d28de1460815f7c4ee7a"},
    {file = "MarkupSafe-2.1.1-cp310-cp310-manylinux_2_17_aarch64.manylinux2014_aarch64.whl", hash = "sha256:a49907dd8420c5685cfa064a1335b6754b74541bbb3706c259c02ed65b644b3e"},
    {file = "MarkupSafe-2.1.1-cp310-cp310-manylinux_2_17_x86_64.manylinux2014_x86_64.whl", hash = "sha256:10c1bfff05d95783da83491be968e8fe789263689c02724e0c691933c52994f5"},
    {file = "MarkupSafe-2.1.1-cp310-cp310-manylinux_2_5_i686.manylinux1_i686.manylinux_2_17_i686.manylinux2014_i686.whl", hash = "sha256:b7bd98b796e2b6553da7225aeb61f447f80a1ca64f41d83612e6139ca5213aa4"},
    {file = "MarkupSafe-2.1.1-cp310-cp310-musllinux_1_1_aarch64.whl", hash = "sha256:b09bf97215625a311f669476f44b8b318b075847b49316d3e28c08e41a7a573f"},
    {file = "MarkupSafe-2.1.1-cp310-cp310-musllinux_1_1_i686.whl", hash = "sha256:694deca8d702d5db21ec83983ce0bb4b26a578e71fbdbd4fdcd387daa90e4d5e"},
    {file = "MarkupSafe-2.1.1-cp310-cp310-musllinux_1_1_x86_64.whl", hash = "sha256:efc1913fd2ca4f334418481c7e595c00aad186563bbc1ec76067848c7ca0a933"},
    {file = "MarkupSafe-2.1.1-cp310-cp310-win32.whl", hash = "sha256:4a33dea2b688b3190ee12bd7cfa29d39c9ed176bda40bfa11099a3ce5d3a7ac6"},
    {file = "MarkupSafe-2.1.1-cp310-cp310-win_amd64.whl", hash = "sha256:dda30ba7e87fbbb7eab1ec9f58678558fd9a6b8b853530e176eabd064da81417"},
    {file = "MarkupSafe-2.1.1-cp37-cp37m-macosx_10_9_x86_64.whl", hash = "sha256:671cd1187ed5e62818414afe79ed29da836dde67166a9fac6d435873c44fdd02"},
    {file = "MarkupSafe-2.1.1-cp37-cp37m-manylinux_2_17_aarch64.manylinux2014_aarch64.whl", hash = "sha256:3799351e2336dc91ea70b034983ee71cf2f9533cdff7c14c90ea126bfd95d65a"},
    {file = "MarkupSafe-2.1.1-cp37-cp37m-manylinux_2_17_x86_64.manylinux2014_x86_64.whl", hash = "sha256:e72591e9ecd94d7feb70c1cbd7be7b3ebea3f548870aa91e2732960fa4d57a37"},
    {file = "MarkupSafe-2.1.1-cp37-cp37m-manylinux_2_5_i686.manylinux1_i686.manylinux_2_17_i686.manylinux2014_i686.whl", hash = "sha256:6fbf47b5d3728c6aea2abb0589b5d30459e369baa772e0f37a0320185e87c980"},
    {file = "MarkupSafe-2.1.1-cp37-cp37m-musllinux_1_1_aarch64.whl", hash = "sha256:d5ee4f386140395a2c818d149221149c54849dfcfcb9f1debfe07a8b8bd63f9a"},
    {file = "MarkupSafe-2.1.1-cp37-cp37m-musllinux_1_1_i686.whl", hash = "sha256:bcb3ed405ed3222f9904899563d6fc492ff75cce56cba05e32eff40e6acbeaa3"},
    {file = "MarkupSafe-2.1.1-cp37-cp37m-musllinux_1_1_x86_64.whl", hash = "sha256:e1c0b87e09fa55a220f058d1d49d3fb8df88fbfab58558f1198e08c1e1de842a"},
    {file = "MarkupSafe-2.1.1-cp37-cp37m-win32.whl", hash = "sha256:8dc1c72a69aa7e082593c4a203dcf94ddb74bb5c8a731e4e1eb68d031e8498ff"},
    {file = "MarkupSafe-2.1.1-cp37-cp37m-win_amd64.whl", hash = "sha256:97a68e6ada378df82bc9f16b800ab77cbf4b2fada0081794318520138c088e4a"},
    {file = "MarkupSafe-2.1.1-cp38-cp38-macosx_10_9_universal2.whl", hash = "sha256:e8c843bbcda3a2f1e3c2ab25913c80a3c5376cd00c6e8c4a86a89a28c8dc5452"},
    {file = "MarkupSafe-2.1.1-cp38-cp38-macosx_10_9_x86_64.whl", hash = "sha256:0212a68688482dc52b2d45013df70d169f542b7394fc744c02a57374a4207003"},
    {file = "MarkupSafe-2.1.1-cp38-cp38-manylinux_2_17_aarch64.manylinux2014_aarch64.whl", hash = "sha256:8e576a51ad59e4bfaac456023a78f6b5e6e7651dcd383bcc3e18d06f9b55d6d1"},
    {file = "MarkupSafe-2.1.1-cp38-cp38-manylinux_2_17_x86_64.manylinux2014_x86_64.whl", hash = "sha256:4b9fe39a2ccc108a4accc2676e77da025ce383c108593d65cc909add5c3bd601"},
    {file = "MarkupSafe-2.1.1-cp38-cp38-manylinux_2_5_i686.manylinux1_i686.manylinux_2_17_i686.manylinux2014_i686.whl", hash = "sha256:96e37a3dc86e80bf81758c152fe66dbf60ed5eca3d26305edf01892257049925"},
    {file = "MarkupSafe-2.1.1-cp38-cp38-musllinux_1_1_aarch64.whl", hash = "sha256:6d0072fea50feec76a4c418096652f2c3238eaa014b2f94aeb1d56a66b41403f"},
    {file = "MarkupSafe-2.1.1-cp38-cp38-musllinux_1_1_i686.whl", hash = "sha256:089cf3dbf0cd6c100f02945abeb18484bd1ee57a079aefd52cffd17fba910b88"},
    {file = "MarkupSafe-2.1.1-cp38-cp38-musllinux_1_1_x86_64.whl", hash = "sha256:6a074d34ee7a5ce3effbc526b7083ec9731bb3cbf921bbe1d3005d4d2bdb3a63"},
    {file = "MarkupSafe-2.1.1-cp38-cp38-win32.whl", hash = "sha256:421be9fbf0ffe9ffd7a378aafebbf6f4602d564d34be190fc19a193232fd12b1"},
    {file = "MarkupSafe-2.1.1-cp38-cp38-win_amd64.whl", hash = "sha256:fc7b548b17d238737688817ab67deebb30e8073c95749d55538ed473130ec0c7"},
    {file = "MarkupSafe-2.1.1-cp39-cp39-macosx_10_9_universal2.whl", hash = "sha256:e04e26803c9c3851c931eac40c695602c6295b8d432cbe78609649ad9bd2da8a"},
    {file = "MarkupSafe-2.1.1-cp39-cp39-macosx_10_9_x86_64.whl", hash = "sha256:b87db4360013327109564f0e591bd2a3b318547bcef31b468a92ee504d07ae4f"},
    {file = "MarkupSafe-2.1.1-cp39-cp39-manylinux_2_17_aarch64.manylinux2014_aarch64.whl", hash = "sha256:99a2a507ed3ac881b975a2976d59f38c19386d128e7a9a18b7df6fff1fd4c1d6"},
    {file = "MarkupSafe-2.1.1-cp39-cp39-manylinux_2_17_x86_64.manylinux2014_x86_64.whl", hash = "sha256:56442863ed2b06d19c37f94d999035e15ee982988920e12a5b4ba29b62ad1f77"},
    {file = "MarkupSafe-2.1.1-cp39-cp39-manylinux_2_5_i686.manylinux1_i686.manylinux_2_17_i686.manylinux2014_i686.whl", hash = "sha256:3ce11ee3f23f79dbd06fb3d63e2f6af7b12db1d46932fe7bd8afa259a5996603"},
    {file = "MarkupSafe-2.1.1-cp39-cp39-musllinux_1_1_aarch64.whl", hash = "sha256:33b74d289bd2f5e527beadcaa3f401e0df0a89927c1559c8566c066fa4248ab7"},
    {file = "MarkupSafe-2.1.1-cp39-cp39-musllinux_1_1_i686.whl", hash = "sha256:43093fb83d8343aac0b1baa75516da6092f58f41200907ef92448ecab8825135"},
    {file = "MarkupSafe-2.1.1-cp39-cp39-musllinux_1_1_x86_64.whl", hash = "sha256:8e3dcf21f367459434c18e71b2a9532d96547aef8a871872a5bd69a715c15f96"},
    {file = "MarkupSafe-2.1.1-cp39-cp39-win32.whl", hash = "sha256:d4306c36ca495956b6d568d276ac11fdd9c30a36f1b6eb928070dc5360b22e1c"},
    {file = "MarkupSafe-2.1.1-cp39-cp39-win_amd64.whl", hash = "sha256:46d00d6cfecdde84d40e572d63735ef81423ad31184100411e6e3388d405e247"},
    {file = "MarkupSafe-2.1.1.tar.gz", hash = "sha256:7f91197cc9e48f989d12e4e6fbc46495c446636dfc81b9ccf50bb0ec74b91d4b"},
]
numpy = [
    {file = "numpy-1.23.4-cp310-cp310-macosx_10_9_x86_64.whl", hash = "sha256:95d79ada05005f6f4f337d3bb9de8a7774f259341c70bc88047a1f7b96a4bcb2"},
    {file = "numpy-1.23.4-cp310-cp310-macosx_11_0_arm64.whl", hash = "sha256:926db372bc4ac1edf81cfb6c59e2a881606b409ddc0d0920b988174b2e2a767f"},
    {file = "numpy-1.23.4-cp310-cp310-manylinux_2_17_aarch64.manylinux2014_aarch64.whl", hash = "sha256:c237129f0e732885c9a6076a537e974160482eab8f10db6292e92154d4c67d71"},
    {file = "numpy-1.23.4-cp310-cp310-manylinux_2_17_x86_64.manylinux2014_x86_64.whl", hash = "sha256:a8365b942f9c1a7d0f0dc974747d99dd0a0cdfc5949a33119caf05cb314682d3"},
    {file = "numpy-1.23.4-cp310-cp310-win32.whl", hash = "sha256:2341f4ab6dba0834b685cce16dad5f9b6606ea8a00e6da154f5dbded70fdc4dd"},
    {file = "numpy-1.23.4-cp310-cp310-win_amd64.whl", hash = "sha256:d331afac87c92373826af83d2b2b435f57b17a5c74e6268b79355b970626e329"},
    {file = "numpy-1.23.4-cp311-cp311-macosx_10_9_x86_64.whl", hash = "sha256:488a66cb667359534bc70028d653ba1cf307bae88eab5929cd707c761ff037db"},
    {file = "numpy-1.23.4-cp311-cp311-macosx_11_0_arm64.whl", hash = "sha256:ce03305dd694c4873b9429274fd41fc7eb4e0e4dea07e0af97a933b079a5814f"},
    {file = "numpy-1.23.4-cp311-cp311-manylinux_2_17_aarch64.manylinux2014_aarch64.whl", hash = "sha256:8981d9b5619569899666170c7c9748920f4a5005bf79c72c07d08c8a035757b0"},
    {file = "numpy-1.23.4-cp311-cp311-manylinux_2_17_x86_64.manylinux2014_x86_64.whl", hash = "sha256:7a70a7d3ce4c0e9284e92285cba91a4a3f5214d87ee0e95928f3614a256a1488"},
    {file = "numpy-1.23.4-cp311-cp311-win32.whl", hash = "sha256:5e13030f8793e9ee42f9c7d5777465a560eb78fa7e11b1c053427f2ccab90c79"},
    {file = "numpy-1.23.4-cp311-cp311-win_amd64.whl", hash = "sha256:7607b598217745cc40f751da38ffd03512d33ec06f3523fb0b5f82e09f6f676d"},
    {file = "numpy-1.23.4-cp38-cp38-macosx_10_9_x86_64.whl", hash = "sha256:7ab46e4e7ec63c8a5e6dbf5c1b9e1c92ba23a7ebecc86c336cb7bf3bd2fb10e5"},
    {file = "numpy-1.23.4-cp38-cp38-macosx_11_0_arm64.whl", hash = "sha256:a8aae2fb3180940011b4862b2dd3756616841c53db9734b27bb93813cd79fce6"},
    {file = "numpy-1.23.4-cp38-cp38-manylinux_2_17_aarch64.manylinux2014_aarch64.whl", hash = "sha256:8c053d7557a8f022ec823196d242464b6955a7e7e5015b719e76003f63f82d0f"},
    {file = "numpy-1.23.4-cp38-cp38-manylinux_2_17_x86_64.manylinux2014_x86_64.whl", hash = "sha256:a0882323e0ca4245eb0a3d0a74f88ce581cc33aedcfa396e415e5bba7bf05f68"},
    {file = "numpy-1.23.4-cp38-cp38-win32.whl", hash = "sha256:dada341ebb79619fe00a291185bba370c9803b1e1d7051610e01ed809ef3a4ba"},
    {file = "numpy-1.23.4-cp38-cp38-win_amd64.whl", hash = "sha256:0fe563fc8ed9dc4474cbf70742673fc4391d70f4363f917599a7fa99f042d5a8"},
    {file = "numpy-1.23.4-cp39-cp39-macosx_10_9_x86_64.whl", hash = "sha256:c67b833dbccefe97cdd3f52798d430b9d3430396af7cdb2a0c32954c3ef73894"},
    {file = "numpy-1.23.4-cp39-cp39-macosx_11_0_arm64.whl", hash = "sha256:f76025acc8e2114bb664294a07ede0727aa75d63a06d2fae96bf29a81747e4a7"},
    {file = "numpy-1.23.4-cp39-cp39-manylinux_2_17_aarch64.manylinux2014_aarch64.whl", hash = "sha256:12ac457b63ec8ded85d85c1e17d85efd3c2b0967ca39560b307a35a6703a4735"},
    {file = "numpy-1.23.4-cp39-cp39-manylinux_2_17_x86_64.manylinux2014_x86_64.whl", hash = "sha256:95de7dc7dc47a312f6feddd3da2500826defdccbc41608d0031276a24181a2c0"},
    {file = "numpy-1.23.4-cp39-cp39-win32.whl", hash = "sha256:f2f390aa4da44454db40a1f0201401f9036e8d578a25f01a6e237cea238337ef"},
    {file = "numpy-1.23.4-cp39-cp39-win_amd64.whl", hash = "sha256:f260da502d7441a45695199b4e7fd8ca87db659ba1c78f2bbf31f934fe76ae0e"},
    {file = "numpy-1.23.4-pp38-pypy38_pp73-macosx_10_9_x86_64.whl", hash = "sha256:61be02e3bf810b60ab74e81d6d0d36246dbfb644a462458bb53b595791251911"},
    {file = "numpy-1.23.4-pp38-pypy38_pp73-manylinux_2_17_x86_64.manylinux2014_x86_64.whl", hash = "sha256:296d17aed51161dbad3c67ed6d164e51fcd18dbcd5dd4f9d0a9c6055dce30810"},
    {file = "numpy-1.23.4-pp38-pypy38_pp73-win_amd64.whl", hash = "sha256:4d52914c88b4930dafb6c48ba5115a96cbab40f45740239d9f4159c4ba779962"},
    {file = "numpy-1.23.4.tar.gz", hash = "sha256:ed2cc92af0efad20198638c69bb0fc2870a58dabfba6eb722c933b48556c686c"},
]
packaging = [
    {file = "packaging-21.3-py3-none-any.whl", hash = "sha256:ef103e05f519cdc783ae24ea4e2e0f508a9c99b2d4969652eed6a2e1ea5bd522"},
    {file = "packaging-21.3.tar.gz", hash = "sha256:dd47c42927d89ab911e606518907cc2d3a1f38bbd026385970643f9c5b8ecfeb"},
]
pyparsing = [
    {file = "pyparsing-3.0.9-py3-none-any.whl", hash = "sha256:5026bae9a10eeaefb61dab2f09052b9f4307d44aee4eda64b309723d8d206bbc"},
    {file = "pyparsing-3.0.9.tar.gz", hash = "sha256:2b020ecf7d21b687f219b71ecad3631f644a47f01403fa1d1036b0c6416d70fb"},
]
pytz = [
    {file = "pytz-2022.5-py2.py3-none-any.whl", hash = "sha256:335ab46900b1465e714b4fda4963d87363264eb662aab5e65da039c25f1f5b22"},
    {file = "pytz-2022.5.tar.gz", hash = "sha256:c4d88f472f54d615e9cd582a5004d1e5f624854a6a27a6211591c251f22a6914"},
]
qastle = [
    {file = "qastle-0.15.0-py3-none-any.whl", hash = "sha256:6fab349333752dfa637bcf65d0c6a42c251721bc6e6a3a74e3dad6fb2e9b4d8e"},
    {file = "qastle-0.15.0.tar.gz", hash = "sha256:ebdae0e32af9ea9ca5a58d51ca9680295023a36766bb1c8b507e4bd30585fad4"},
]
servicex-code-gen-lib = [
    {file = "servicex_code_gen_lib-1.0.0-py3-none-any.whl", hash = "sha256:50067a58fe1a16c3164ee017d6564c43cbcf6da97ab2052a8bb49046570be99d"},
    {file = "servicex_code_gen_lib-1.0.0.tar.gz", hash = "sha256:d14a3a21472e6c2470f172dd88e2bbe967d943015447c6b658c68837954975a9"},
]
setuptools = [
    {file = "setuptools-65.5.0-py3-none-any.whl", hash = "sha256:f62ea9da9ed6289bfe868cd6845968a2c854d1427f8548d52cae02a42b4f0356"},
    {file = "setuptools-65.5.0.tar.gz", hash = "sha256:512e5536220e38146176efb833d4a62aa726b7bbff82cfbc8ba9eaa3996e0b17"},
]
six = [
    {file = "six-1.16.0-py2.py3-none-any.whl", hash = "sha256:8abb2f1d86890a2dfb989f9a77cfcfd3e47c2a354b01111771326f8aa26e0254"},
    {file = "six-1.16.0.tar.gz", hash = "sha256:1e61c37477a1626458e36f7b1d82aa5c9b094fa4802892072e49de9c60c4c926"},
]
uproot = [
    {file = "uproot-4.3.7-py3-none-any.whl", hash = "sha256:7b55df2b5b8c0db9d4d4e4bdb7161e29215a0fbd39087971b657514d0c67d4c2"},
    {file = "uproot-4.3.7.tar.gz", hash = "sha256:264f148edde4c4a778d9b347c4ae975fe70a910e87d069fbd2b53e1f99874f0e"},
]
vector = [
    {file = "vector-0.10.0-py3-none-any.whl", hash = "sha256:76705d13ffc7517488478d3e03b1e7c60b76d8a91a298f5bd1f58047288ffc00"},
    {file = "vector-0.10.0.tar.gz", hash = "sha256:b785678f449de32476f427911248391ddcc7c3582a522a88cbbd50c92dcae490"},
]
werkzeug = [
    {file = "Werkzeug-2.0.3-py3-none-any.whl", hash = "sha256:1421ebfc7648a39a5c58c601b154165d05cf47a3cd0ccb70857cbdacf6c8f2b8"},
    {file = "Werkzeug-2.0.3.tar.gz", hash = "sha256:b863f8ff057c522164b6067c9e28b041161b4be5ba4d0daceeaa50a163822d3c"},
]
wtforms = [
    {file = "WTForms-3.0.1-py3-none-any.whl", hash = "sha256:837f2f0e0ca79481b92884962b914eba4e72b7a2daaf1f939c890ed0124b834b"},
    {file = "WTForms-3.0.1.tar.gz", hash = "sha256:6b351bbb12dd58af57ffef05bc78425d08d1914e0fd68ee14143b7ade023c5bc"},
]
