dependencies:
- name: rabbitmq
  repository: https://charts.bitnami.com/bitnami/
  version: 16.0.9
- name: minio
  repository: https://charts.bitnami.com/bitnami/
  version: 17.0.9
- name: postgresql
  repository: https://charts.bitnami.com/bitnami/
  version: 16.7.15
digest: sha256:f14ef2912bec17ff8a93453fd303bff1f3dfbc4f27603bbbc1595478211fa889
generated: "2025-07-01T12:17:40.963336-05:00"
